// !$*UTF8*$!
{
	archiveVersion = 1;
	classes = {
	};
	objectVersion = 77;
	objects = {

/* Begin PBXBuildFile section */
		05373FFD890DF132B906065E /* SkillsView.swift in Sources */ = {isa = PBXBuildFile; fileRef = 6E5FD3271C03262E8A67B725 /* SkillsView.swift */; };
		07DBA47FED183F9847DECCD5 /* HermesKit in Frameworks */ = {isa = PBXBuildFile; productRef = 8115E8BE768E77F5D1E3BE4B /* HermesKit */; };
		0ABDCA69A2B9FF88CA82E91A /* Assets.xcassets in Resources */ = {isa = PBXBuildFile; fileRef = B71A6200C3475A1788F447EE /* Assets.xcassets */; };
		0DAE8E610B4FC72C2D861F04 /* WindowNotifications.swift in Sources */ = {isa = PBXBuildFile; fileRef = C53A32F3ADA4A96AD1BC1E61 /* WindowNotifications.swift */; };
		0EDF5DDCEB352867F6419404 /* ManageHarness.swift in Sources */ = {isa = PBXBuildFile; fileRef = F71BFC25850A646580866C0D /* ManageHarness.swift */; };
		1092F0D24D8D5A83AE43A1D4 /* ConfigEditorHarnessBackupTests.swift in Sources */ = {isa = PBXBuildFile; fileRef = C5B55B10334250C6E3E71ECA /* ConfigEditorHarnessBackupTests.swift */; };
		1239EE5AE0C1D5C2148182B7 /* SessionsStore.swift in Sources */ = {isa = PBXBuildFile; fileRef = 1FAF0B860CFD0B1772AECD9C /* SessionsStore.swift */; };
		14B88802EE07AA2BCB79C59E /* ServerWindowRoot.swift in Sources */ = {isa = PBXBuildFile; fileRef = EF152D845CF1F40845F887CA /* ServerWindowRoot.swift */; };
		155AE3AF219F61634CD176B9 /* SessionsBrowser.swift in Sources */ = {isa = PBXBuildFile; fileRef = C21784B6CC62C9E498749A73 /* SessionsBrowser.swift */; };
		15A7FC4163AEF6367E9D802F /* Sparkle in Frameworks */ = {isa = PBXBuildFile; productRef = 01A9F9047947C5476F232D23 /* Sparkle */; };
		1964C2ACA58980B5A5A68B49 /* PermissionPrompt.swift in Sources */ = {isa = PBXBuildFile; fileRef = 748E28FC6797F351A6EBB220 /* PermissionPrompt.swift */; };
		1A1F3DE30BDCE1C40778F6B4 /* HostKeyConfirmationCoordinator.swift in Sources */ = {isa = PBXBuildFile; fileRef = 4D9036C1EE4E2376B7311222 /* HostKeyConfirmationCoordinator.swift */; };
		1C8FCA7408B8AACE039E5CA0 /* RecentServers.swift in Sources */ = {isa = PBXBuildFile; fileRef = 4F61968C9D6A00AA0704AE7B /* RecentServers.swift */; };
		1CB486B12C0C991FB9C567DC /* PrivacyInfo.xcprivacy in Resources */ = {isa = PBXBuildFile; fileRef = 2D698123A7F03A11D05B3938 /* PrivacyInfo.xcprivacy */; };
		1D86001F1932D4D1C9682798 /* DoctorView.swift in Sources */ = {isa = PBXBuildFile; fileRef = A30DFD8DFB5E048EC77638CD /* DoctorView.swift */; };
		1EC093D34C32379196FAD953 /* ProfilesView.swift in Sources */ = {isa = PBXBuildFile; fileRef = 1DD849FF61E9E7FE99C2441B /* ProfilesView.swift */; };
		1EECCDC4AE1FAACFF07BE0AD /* AppLog.swift in Sources */ = {isa = PBXBuildFile; fileRef = BEC6EAC9742C997DB3F416F0 /* AppLog.swift */; };
		1F7A44A16CC9E297C305AFAA /* ServerCommands.swift in Sources */ = {isa = PBXBuildFile; fileRef = 0E48D07DCDB76B859B235E8D /* ServerCommands.swift */; };
		213F5502C5A5B18BBC348417 /* ProfileFieldBindings.swift in Sources */ = {isa = PBXBuildFile; fileRef = 690152DEACAA0648E113BDAC /* ProfileFieldBindings.swift */; };
		21D9F8EAC88F6670B93E18B1 /* SessionHistoryMapperTests.swift in Sources */ = {isa = PBXBuildFile; fileRef = B557A59EF59CBA382E684565 /* SessionHistoryMapperTests.swift */; };
		21F863E247E5CFE4FF377689 /* ChatBubble.swift in Sources */ = {isa = PBXBuildFile; fileRef = 7708C07FD33792DB6597C593 /* ChatBubble.swift */; };
		21F9EC5B5421DBCE95486D7E /* StructuredConfigEditor.swift in Sources */ = {isa = PBXBuildFile; fileRef = AD77CC385AAC4DB3C947D6DB /* StructuredConfigEditor.swift */; };
		22736E33C9001CD1D7C0A7C6 /* ConfigEditorContainer.swift in Sources */ = {isa = PBXBuildFile; fileRef = 24D364E6EE421151FA4C1564 /* ConfigEditorContainer.swift */; };
		235627F77287A4A40A273B72 /* PluginsView.swift in Sources */ = {isa = PBXBuildFile; fileRef = 1C4F883529CB17540706EF66 /* PluginsView.swift */; };
		29F89EE8A6BAB31DFCA66221 /* ToolsView.swift in Sources */ = {isa = PBXBuildFile; fileRef = E3EDBB9C99D2FF50800A31BE /* ToolsView.swift */; };
		2CAA90E41C94F25680242FF9 /* CronView.swift in Sources */ = {isa = PBXBuildFile; fileRef = 451D8EBE2DA75CD69C94FFD8 /* CronView.swift */; };
		2EE9D69FC8789FCC0DF4B49C /* ChatModels.swift in Sources */ = {isa = PBXBuildFile; fileRef = DA57702C4F0773DF6231FDD1 /* ChatModels.swift */; };
		3294913DBA7E308109C8DB64 /* BrowseDetail.swift in Sources */ = {isa = PBXBuildFile; fileRef = 6A4D5F91E421312E2E370A23 /* BrowseDetail.swift */; };
		32D9D5FF740814397C7661DF /* HighlightingTextEditor.swift in Sources */ = {isa = PBXBuildFile; fileRef = 58CBDD31C2455B43FD8029D7 /* HighlightingTextEditor.swift */; };
		34B686C4F360D31EEC3D876F /* ConfigFieldControl.swift in Sources */ = {isa = PBXBuildFile; fileRef = 5E05DB8DF8D9AFD4FE25E26E /* ConfigFieldControl.swift */; };
		37D0BDF58A24F7064EB88395 /* GatewayView.swift in Sources */ = {isa = PBXBuildFile; fileRef = 4C4C32B601B019767565103C /* GatewayView.swift */; };
		3B99FDA9B595BD75F1A0140B /* ChatBubble.swift in Sources */ = {isa = PBXBuildFile; fileRef = 7708C07FD33792DB6597C593 /* ChatBubble.swift */; };
		408B27EA1C9A9D34994CAA95 /* MockACPTransport.swift in Sources */ = {isa = PBXBuildFile; fileRef = 323C950380308737D5290B8F /* MockACPTransport.swift */; };
		412453BCEDDA513AC77AECD1 /* Markdown.swift in Sources */ = {isa = PBXBuildFile; fileRef = 0726E977A155E433A5401996 /* Markdown.swift */; };
		423A627D990E3525A1210F47 /* DiffView.swift in Sources */ = {isa = PBXBuildFile; fileRef = DFE066B74B82DFA8FC5F8F24 /* DiffView.swift */; };
		43747B37FD0DC24A5ACCB605 /* ConfigEditingState.swift in Sources */ = {isa = PBXBuildFile; fileRef = AEB660801AA7110B5EAC2AF8 /* ConfigEditingState.swift */; };
		46DB99C0E7AAE0FB6CA7B107 /* PhoneBrowseSheet.swift in Sources */ = {isa = PBXBuildFile; fileRef = 82AB33DE89BBD4F3D4D28D34 /* PhoneBrowseSheet.swift */; };
		4AE1CCD2FAA490BDF400EAC4 /* SlashMenu.swift in Sources */ = {isa = PBXBuildFile; fileRef = 7914D7DB63EFCABE5A2D84BA /* SlashMenu.swift */; };
		4B8E5264D875A01CD6C5AC15 /* ProbeCapabilityView.swift in Sources */ = {isa = PBXBuildFile; fileRef = 29E4871FCDE4D32F84F4F785 /* ProbeCapabilityView.swift */; };
		4C5249F406142A692ACA9A54 /* ToolCard.swift in Sources */ = {isa = PBXBuildFile; fileRef = 09D9869DC5BF08FEDB227ACF /* ToolCard.swift */; };
		4C6846E5305B13218E4647EE /* ChatModels.swift in Sources */ = {isa = PBXBuildFile; fileRef = DA57702C4F0773DF6231FDD1 /* ChatModels.swift */; };
		4DFE894BF203B5E8CAB91B93 /* DesktopServerWindow.swift in Sources */ = {isa = PBXBuildFile; fileRef = 5F6D42240D0DFA40A9B1E0FC /* DesktopServerWindow.swift */; };
		4E7061CE24B864B40FE49C0F /* DoctorView.swift in Sources */ = {isa = PBXBuildFile; fileRef = A30DFD8DFB5E048EC77638CD /* DoctorView.swift */; };
		509BA0FE78675098B5B350C5 /* LogsView.swift in Sources */ = {isa = PBXBuildFile; fileRef = A12A6961B7D8E937263627BB /* LogsView.swift */; };
		525FCB49DC901C4DF9051C75 /* ConfigEditorHarness.swift in Sources */ = {isa = PBXBuildFile; fileRef = 34288494D0F5ABEB4260FA23 /* ConfigEditorHarness.swift */; };
		527C4E56058EDAF20A3614F3 /* ReasoningPanel.swift in Sources */ = {isa = PBXBuildFile; fileRef = C3D2C3E35C2AD0E82789D5C9 /* ReasoningPanel.swift */; };
		54A82F7BD3081070B11BE221 /* PlatformSeam.swift in Sources */ = {isa = PBXBuildFile; fileRef = 94299301A67348B115A820E1 /* PlatformSeam.swift */; };
		576B03A8F265EF436103C29B /* ServerWindowHarness+macOS.swift in Sources */ = {isa = PBXBuildFile; fileRef = EB81206B9EF574CFB34BF803 /* ServerWindowHarness+macOS.swift */; };
		57771E6BC6CB365C66D21370 /* StatusBar.swift in Sources */ = {isa = PBXBuildFile; fileRef = D73190DC0343E43442753E5E /* StatusBar.swift */; };
		586813A54625FC9635FB6B3C /* PluginsView.swift in Sources */ = {isa = PBXBuildFile; fileRef = 1C4F883529CB17540706EF66 /* PluginsView.swift */; };
		59024D8F2891F97E433CBB6A /* SessionIdFormatter.swift in Sources */ = {isa = PBXBuildFile; fileRef = DE7C6DE41D3712DB0E94D405 /* SessionIdFormatter.swift */; };
		5A812F020B8745837A147EFC /* SessionsSidebar.swift in Sources */ = {isa = PBXBuildFile; fileRef = 13E7B5FE8F2B768093DA0CC8 /* SessionsSidebar.swift */; };
		5A98F7AA8413101B4A7636B2 /* RecentServers.swift in Sources */ = {isa = PBXBuildFile; fileRef = 4F61968C9D6A00AA0704AE7B /* RecentServers.swift */; };
		5AFB94D7B98010526A54F2DE /* PrivacyInfo.xcprivacy in Resources */ = {isa = PBXBuildFile; fileRef = 2D698123A7F03A11D05B3938 /* PrivacyInfo.xcprivacy */; };
		5B16B9E3E352309807458920 /* UpdatesView.swift in Sources */ = {isa = PBXBuildFile; fileRef = 3BE3C2E6EB6E8620978EE451 /* UpdatesView.swift */; };
		5BF18457E28EAF773C62F3CA /* DesktopProfileEditor.swift in Sources */ = {isa = PBXBuildFile; fileRef = 23313EAA36A931AB0092B232 /* DesktopProfileEditor.swift */; };
		5CC00868EAC36906049EE9A3 /* SessionsStoreReadOnlyTests.swift in Sources */ = {isa = PBXBuildFile; fileRef = 3305AB6CC2FE91C23C78F9CA /* SessionsStoreReadOnlyTests.swift */; };
		5EA432274794842C57B5C6BE /* SessionsCwdStore.swift in Sources */ = {isa = PBXBuildFile; fileRef = 574D3C3473960761D9EEF81C /* SessionsCwdStore.swift */; };
		5EC0E7BD239BC0CF5E419732 /* MockACPTransport.swift in Sources */ = {isa = PBXBuildFile; fileRef = 323C950380308737D5290B8F /* MockACPTransport.swift */; };
		6066CFA11D8F136AF73EDC2F /* YAMLFileDocument.swift in Sources */ = {isa = PBXBuildFile; fileRef = 40BCC93769E881572E354E67 /* YAMLFileDocument.swift */; };
		60BABDAAC494107AA6363743 /* ProbeCapabilityView.swift in Sources */ = {isa = PBXBuildFile; fileRef = 29E4871FCDE4D32F84F4F785 /* ProbeCapabilityView.swift */; };
		6168D745D22D531C88F18732 /* CronView.swift in Sources */ = {isa = PBXBuildFile; fileRef = 451D8EBE2DA75CD69C94FFD8 /* CronView.swift */; };
		6289CE6EDF8A26D7C03C4A93 /* ConfigEditingState.swift in Sources */ = {isa = PBXBuildFile; fileRef = AEB660801AA7110B5EAC2AF8 /* ConfigEditingState.swift */; };
		6BEA541D567D068B856E82F1 /* YAMLConfigEditor.swift in Sources */ = {isa = PBXBuildFile; fileRef = C96EFF9FC070B9FA408E6992 /* YAMLConfigEditor.swift */; };
		6C73E05ECCB0C0F89AF5B8E5 /* UpdatesView.swift in Sources */ = {isa = PBXBuildFile; fileRef = 3BE3C2E6EB6E8620978EE451 /* UpdatesView.swift */; };
		6E6768E1BCF585EB170C6492 /* SessionsCwdStore.swift in Sources */ = {isa = PBXBuildFile; fileRef = 574D3C3473960761D9EEF81C /* SessionsCwdStore.swift */; };
		6FA3206E810F079E7E4F7F27 /* ConfigEditorHarness.swift in Sources */ = {isa = PBXBuildFile; fileRef = 34288494D0F5ABEB4260FA23 /* ConfigEditorHarness.swift */; };
		705C24E629FF24D1B2D27069 /* ToolCard.swift in Sources */ = {isa = PBXBuildFile; fileRef = 09D9869DC5BF08FEDB227ACF /* ToolCard.swift */; };
		728C074511EF21DEF1EE05C3 /* ProfileDirectory.swift in Sources */ = {isa = PBXBuildFile; fileRef = C92A4408751CCA22446EA7AE /* ProfileDirectory.swift */; };
		732DD11D3E33BF34986A9D30 /* SoulEditingState.swift in Sources */ = {isa = PBXBuildFile; fileRef = 0AE152C7AFC71DFE3A5F5100 /* SoulEditingState.swift */; };
		73B600A6620523E277E9A28D /* ServerWindowHarness.swift in Sources */ = {isa = PBXBuildFile; fileRef = B9E1E73EC2580CB9D11A92ED /* ServerWindowHarness.swift */; };
		7621DC3ED55B2069E6CE1F9F /* BrowseDestination.swift in Sources */ = {isa = PBXBuildFile; fileRef = 7D9089ABA90F410BC7A0349A /* BrowseDestination.swift */; };
		762AEA4C3482528E246E3A92 /* Composer.swift in Sources */ = {isa = PBXBuildFile; fileRef = 82CA47B4FE65F06FAC7B45D9 /* Composer.swift */; };
		78DA99FC12D647B78E6BCD91 /* SoulEditorContainer.swift in Sources */ = {isa = PBXBuildFile; fileRef = A347F5D89ECABEECE7BC2538 /* SoulEditorContainer.swift */; };
		792EDEE5157520320862CDB4 /* ConfigEditorContainer.swift in Sources */ = {isa = PBXBuildFile; fileRef = 24D364E6EE421151FA4C1564 /* ConfigEditorContainer.swift */; };
		799C1A386BCE91C49D9426F8 /* PhoneProfileEditor.swift in Sources */ = {isa = PBXBuildFile; fileRef = E164EDD7A34D35C13D632433 /* PhoneProfileEditor.swift */; };
		7A3A7E6C18593FD320A54836 /* StructuredConfigEditor.swift in Sources */ = {isa = PBXBuildFile; fileRef = AD77CC385AAC4DB3C947D6DB /* StructuredConfigEditor.swift */; };
		7A99D0612ADDD652BF6A4E79 /* LogConsole.swift in Sources */ = {isa = PBXBuildFile; fileRef = 71FE69AC7DA73A5FB9244123 /* LogConsole.swift */; };
		7B06317CE99E4E876869D781 /* TranscriptRow.swift in Sources */ = {isa = PBXBuildFile; fileRef = EC599A81E82D875768DD55B4 /* TranscriptRow.swift */; };
		7E30E462CE94D33676E7C0FA /* ChatNavigationUITests.swift in Sources */ = {isa = PBXBuildFile; fileRef = DDC6CCD5B8F3E1D29743B8A5 /* ChatNavigationUITests.swift */; };
		7ECB2D00C23AFFA437D31450 /* ProfileFieldBindings.swift in Sources */ = {isa = PBXBuildFile; fileRef = 690152DEACAA0648E113BDAC /* ProfileFieldBindings.swift */; };
		7ED741CA98028019107E791C /* SessionsSidebar.swift in Sources */ = {isa = PBXBuildFile; fileRef = 13E7B5FE8F2B768093DA0CC8 /* SessionsSidebar.swift */; };
		82D44DDFB5D8C415B6D4D683 /* DashboardCoordinator.swift in Sources */ = {isa = PBXBuildFile; fileRef = AB09200C1C83F6EF34A8A307 /* DashboardCoordinator.swift */; };
		83727994132ADEA7D5549C6C /* ReasoningPanel.swift in Sources */ = {isa = PBXBuildFile; fileRef = C3D2C3E35C2AD0E82789D5C9 /* ReasoningPanel.swift */; };
		8B806D6060D5D192BCD7B6BE /* HighlightingTextEditor.swift in Sources */ = {isa = PBXBuildFile; fileRef = 58CBDD31C2455B43FD8029D7 /* HighlightingTextEditor.swift */; };
		8E559351A3B124847523D0F3 /* SessionIdFormatter.swift in Sources */ = {isa = PBXBuildFile; fileRef = DE7C6DE41D3712DB0E94D405 /* SessionIdFormatter.swift */; };
		8EEF5F74D3C817E8B26B5253 /* ServerWindowHarness+iOS.swift in Sources */ = {isa = PBXBuildFile; fileRef = 073AE623C0CEF948BEA8260B /* ServerWindowHarness+iOS.swift */; };
		91B54214562649BDF9432644 /* SessionsStore.swift in Sources */ = {isa = PBXBuildFile; fileRef = 1FAF0B860CFD0B1772AECD9C /* SessionsStore.swift */; };
		923AEE54A92630F73015A4E7 /* TranscriptRow.swift in Sources */ = {isa = PBXBuildFile; fileRef = EC599A81E82D875768DD55B4 /* TranscriptRow.swift */; };
		95C8354BC39FA35AF013B156 /* RootWindowScene.swift in Sources */ = {isa = PBXBuildFile; fileRef = 711D18166117D38A95717B0D /* RootWindowScene.swift */; };
		96C8A02BDDC866588DDBB59E /* StatusBar.swift in Sources */ = {isa = PBXBuildFile; fileRef = D73190DC0343E43442753E5E /* StatusBar.swift */; };
		9792D03B27B3B380039498CD /* PhoneServerWindow.swift in Sources */ = {isa = PBXBuildFile; fileRef = B001CA285B7593A84B2E5C1E /* PhoneServerWindow.swift */; };
		97970C27124D465C7AF3B42F /* ProfileFormSections.swift in Sources */ = {isa = PBXBuildFile; fileRef = FBCC3AB20959D5AB1E75BEF7 /* ProfileFormSections.swift */; };
		9C156DB4C32D6E646A38B6E1 /* ProfileDirectory.swift in Sources */ = {isa = PBXBuildFile; fileRef = C92A4408751CCA22446EA7AE /* ProfileDirectory.swift */; };
		9DF3210433514B652640EB27 /* TalariaApp.swift in Sources */ = {isa = PBXBuildFile; fileRef = 02D65605FA6B5B749DBBBA2F /* TalariaApp.swift */; };
		9E5C26D2592A7D03F690F860 /* ModelsView.swift in Sources */ = {isa = PBXBuildFile; fileRef = 02B3715B46F1604D50C32259 /* ModelsView.swift */; };
		A12F46C1DB6B995D37F20EF4 /* ConfigFieldControl.swift in Sources */ = {isa = PBXBuildFile; fileRef = 5E05DB8DF8D9AFD4FE25E26E /* ConfigFieldControl.swift */; };
		A27B8F3EDC961F5FC9E17E94 /* Assets.xcassets in Resources */ = {isa = PBXBuildFile; fileRef = B71A6200C3475A1788F447EE /* Assets.xcassets */; };
		A8A565A53ACD757085295E54 /* ProfileProber.swift in Sources */ = {isa = PBXBuildFile; fileRef = 4F42FDBFD4F21B7E12EB88CA /* ProfileProber.swift */; };
		AB02605BD95213C83617A813 /* SessionsBrowser.swift in Sources */ = {isa = PBXBuildFile; fileRef = C21784B6CC62C9E498749A73 /* SessionsBrowser.swift */; };
		AD0F6EDE014E3AACD538990B /* YAMLHighlightTheme.swift in Sources */ = {isa = PBXBuildFile; fileRef = 6A4915ACEFA306626EEECA63 /* YAMLHighlightTheme.swift */; };
		AD33372BFF709C6DC20DB54E /* SoulEditorContainer.swift in Sources */ = {isa = PBXBuildFile; fileRef = A347F5D89ECABEECE7BC2538 /* SoulEditorContainer.swift */; };
		AE1E5F4DF2CC154A4C2BD329 /* ProfileProber.swift in Sources */ = {isa = PBXBuildFile; fileRef = DD5A8C9E26CB5316AE819FD5 /* ProfileProber.swift */; };
		B0B101AA0FC4CBA169096F38 /* ModelsView.swift in Sources */ = {isa = PBXBuildFile; fileRef = 02B3715B46F1604D50C32259 /* ModelsView.swift */; };
		B12C7ACB8C23C086A85E0842 /* AppLog.swift in Sources */ = {isa = PBXBuildFile; fileRef = BEC6EAC9742C997DB3F416F0 /* AppLog.swift */; };
		B26F121BF99FC608925F341F /* UpdateController.swift in Sources */ = {isa = PBXBuildFile; fileRef = 299E76E8B6B759627A8B41DD /* UpdateController.swift */; };
		B4CCE0645ED3484EDAF2E61F /* EditableComparisonView.swift in Sources */ = {isa = PBXBuildFile; fileRef = 0BF654A05F720DAA02C0B069 /* EditableComparisonView.swift */; };
		B9A1BE8BABCD8D8AC1125F51 /* DiffView.swift in Sources */ = {isa = PBXBuildFile; fileRef = DFE066B74B82DFA8FC5F8F24 /* DiffView.swift */; };
		BFCAF447270A3E3C393BA983 /* BrowseDestination.swift in Sources */ = {isa = PBXBuildFile; fileRef = 7D9089ABA90F410BC7A0349A /* BrowseDestination.swift */; };
		C17F8CCB5512C2060C689455 /* YAMLFileDocument.swift in Sources */ = {isa = PBXBuildFile; fileRef = 40BCC93769E881572E354E67 /* YAMLFileDocument.swift */; };
		C214FD4CCCF298E8F06FBB11 /* ToolsView.swift in Sources */ = {isa = PBXBuildFile; fileRef = E3EDBB9C99D2FF50800A31BE /* ToolsView.swift */; };
		C521CCD0419324A042F82AA0 /* SessionHistoryMapper.swift in Sources */ = {isa = PBXBuildFile; fileRef = 9E0675F4B94F55DDF642B901 /* SessionHistoryMapper.swift */; };
		C6CD91309172B4FADFB06592 /* HermesKit in Frameworks */ = {isa = PBXBuildFile; productRef = BBB6C95B2C73AA1B6DB0B78B /* HermesKit */; };
		C70FA4B92B471C5515E6E835 /* ServerWindowHarness.swift in Sources */ = {isa = PBXBuildFile; fileRef = B9E1E73EC2580CB9D11A92ED /* ServerWindowHarness.swift */; };
		C7B761A3B90CA969B135A078 /* LoginShellPATHResolver.swift in Sources */ = {isa = PBXBuildFile; fileRef = 53F2F5B600BE5ABF59512666 /* LoginShellPATHResolver.swift */; };
		C859F63DE8CEC424B7C05398 /* PathAwareHermesAdminRunner.swift in Sources */ = {isa = PBXBuildFile; fileRef = F30054244D9FE8D35AE76B2B /* PathAwareHermesAdminRunner.swift */; };
		C8A306E119586CE2E6731380 /* BrowseDetail.swift in Sources */ = {isa = PBXBuildFile; fileRef = 6A4D5F91E421312E2E370A23 /* BrowseDetail.swift */; };
		CA120C35B4A781A89CCB95F4 /* SessionHistoryMapper.swift in Sources */ = {isa = PBXBuildFile; fileRef = 9E0675F4B94F55DDF642B901 /* SessionHistoryMapper.swift */; };
		CFB7BA97155787ACD6D2AA60 /* SoulEditingState.swift in Sources */ = {isa = PBXBuildFile; fileRef = 0AE152C7AFC71DFE3A5F5100 /* SoulEditingState.swift */; };
		D022CEB819BEC577762C2CF6 /* ChatView.swift in Sources */ = {isa = PBXBuildFile; fileRef = 9CA01C5F2F7904E83DB29961 /* ChatView.swift */; };
		D3CD6F4B48D1E62071D8BD95 /* LogConsoleToolbar.swift in Sources */ = {isa = PBXBuildFile; fileRef = 0840E0D096AF226C4E7ACAD5 /* LogConsoleToolbar.swift */; };
		D86E0462A2BD43506BF88303 /* DesktopServerWindow.swift in Sources */ = {isa = PBXBuildFile; fileRef = 5F6D42240D0DFA40A9B1E0FC /* DesktopServerWindow.swift */; };
		D8A1F37FD8DF30100ECFEFF9 /* DesktopProfileEditor.swift in Sources */ = {isa = PBXBuildFile; fileRef = 23313EAA36A931AB0092B232 /* DesktopProfileEditor.swift */; };
		D9B56A732233FE47ED8478A9 /* YAMLConfigEditor.swift in Sources */ = {isa = PBXBuildFile; fileRef = C96EFF9FC070B9FA408E6992 /* YAMLConfigEditor.swift */; };
		DA5F68FDFF0DFC881C77F8E7 /* ProfileEditorState.swift in Sources */ = {isa = PBXBuildFile; fileRef = 4354F39DA326E5F1B00315AC /* ProfileEditorState.swift */; };
		DD58828D88BFA7B322CC374C /* LogConsoleToolbar.swift in Sources */ = {isa = PBXBuildFile; fileRef = 41704E697D7EBEDF701A6395 /* LogConsoleToolbar.swift */; };
		DEFC27063EB9EC591D93D07F /* HostKeyConfirmationCoordinator.swift in Sources */ = {isa = PBXBuildFile; fileRef = 4D9036C1EE4E2376B7311222 /* HostKeyConfirmationCoordinator.swift */; };
		E19A3A72DA219D0EEC62E0B8 /* GatewayView.swift in Sources */ = {isa = PBXBuildFile; fileRef = 4C4C32B601B019767565103C /* GatewayView.swift */; };
		E1C3E4A6DD75220E15C54369 /* PlatformSeam.swift in Sources */ = {isa = PBXBuildFile; fileRef = 42A302BACE4FD36A943BAEC2 /* PlatformSeam.swift */; };
		E372097A60B968931068D2B6 /* Composer.swift in Sources */ = {isa = PBXBuildFile; fileRef = 82CA47B4FE65F06FAC7B45D9 /* Composer.swift */; };
		E47FDDE451E3FE90DAED7A72 /* ProfilesView.swift in Sources */ = {isa = PBXBuildFile; fileRef = 1DD849FF61E9E7FE99C2441B /* ProfilesView.swift */; };
		E5F93B26DDB04EC7A8669255 /* TalariaApp.swift in Sources */ = {isa = PBXBuildFile; fileRef = D22C1A2F3286887BEC9A982E /* TalariaApp.swift */; };
		E87F25E1393C9E04B841BFF0 /* YAMLHighlightTheme.swift in Sources */ = {isa = PBXBuildFile; fileRef = 6A4915ACEFA306626EEECA63 /* YAMLHighlightTheme.swift */; };
		E89DCDB0C9AD12397615716C /* Markdown.swift in Sources */ = {isa = PBXBuildFile; fileRef = 0726E977A155E433A5401996 /* Markdown.swift */; };
		E96EB01A117C0954E4F23C37 /* LogConsole.swift in Sources */ = {isa = PBXBuildFile; fileRef = 71FE69AC7DA73A5FB9244123 /* LogConsole.swift */; };
		F0223600063B00912A0FB4F9 /* PermissionPrompt.swift in Sources */ = {isa = PBXBuildFile; fileRef = 748E28FC6797F351A6EBB220 /* PermissionPrompt.swift */; };
		F033CFB1F155DD7F285C0F1E /* ProfileEditorRoot.swift in Sources */ = {isa = PBXBuildFile; fileRef = 8AA23ADC5BC8B713EA424CDD /* ProfileEditorRoot.swift */; };
		F2A079666F57E632357E163E /* RootWindowScene.swift in Sources */ = {isa = PBXBuildFile; fileRef = 711D18166117D38A95717B0D /* RootWindowScene.swift */; };
		F4A61373EAFCA169C0F8696D /* EditableComparisonView.swift in Sources */ = {isa = PBXBuildFile; fileRef = 0BF654A05F720DAA02C0B069 /* EditableComparisonView.swift */; };
		F90016DFF2E9340E9B1800D5 /* SlashMenu.swift in Sources */ = {isa = PBXBuildFile; fileRef = 7914D7DB63EFCABE5A2D84BA /* SlashMenu.swift */; };
		F9F402C4646EF68037B15197 /* LogsView.swift in Sources */ = {isa = PBXBuildFile; fileRef = A12A6961B7D8E937263627BB /* LogsView.swift */; };
		FB088B04AB11EDFADBE94C47 /* WindowNotifications.swift in Sources */ = {isa = PBXBuildFile; fileRef = C53A32F3ADA4A96AD1BC1E61 /* WindowNotifications.swift */; };
		FD2FAC405E27D1A1025D55EB /* ProfileEditorState.swift in Sources */ = {isa = PBXBuildFile; fileRef = 4354F39DA326E5F1B00315AC /* ProfileEditorState.swift */; };
		FDA938862AD8209C8779D721 /* ManageHarness.swift in Sources */ = {isa = PBXBuildFile; fileRef = F71BFC25850A646580866C0D /* ManageHarness.swift */; };
		FF499D0E6BB2A566C0D2285C /* SettingsScene.swift in Sources */ = {isa = PBXBuildFile; fileRef = 709907472C40B185B05E1F20 /* SettingsScene.swift */; };
		FF4B12C0890FE3A218309E50 /* ChatView.swift in Sources */ = {isa = PBXBuildFile; fileRef = 9CA01C5F2F7904E83DB29961 /* ChatView.swift */; };
		FF7410E0865C3DB2A36D6F76 /* SkillsView.swift in Sources */ = {isa = PBXBuildFile; fileRef = 6E5FD3271C03262E8A67B725 /* SkillsView.swift */; };
		FF9C3268B7A7B1A879C319EE /* ProfileFormSections.swift in Sources */ = {isa = PBXBuildFile; fileRef = FBCC3AB20959D5AB1E75BEF7 /* ProfileFormSections.swift */; };
		FFE3053BE0518A6B35809EAB /* DoctorHarnessTests.swift in Sources */ = {isa = PBXBuildFile; fileRef = 9F78017EA1F409DD12D2729D /* DoctorHarnessTests.swift */; };
/* End PBXBuildFile section */

/* Begin PBXContainerItemProxy section */
		418544240F2651F69AFF288F /* PBXContainerItemProxy */ = {
			isa = PBXContainerItemProxy;
			containerPortal = 228D8C57FD8574006AD1BA11 /* Project object */;
			proxyType = 1;
			remoteGlobalIDString = 19E2CCC8D5A00B0C4146275A;
			remoteInfo = TalariaIOS;
		};
		9749FE2E7A7A359558DC15F6 /* PBXContainerItemProxy */ = {
			isa = PBXContainerItemProxy;
			containerPortal = 228D8C57FD8574006AD1BA11 /* Project object */;
			proxyType = 1;
			remoteGlobalIDString = 1E8262A30297B30A6BC1DDAA;
			remoteInfo = Talaria;
		};
/* End PBXContainerItemProxy section */

/* Begin PBXFileReference section */
		02B3715B46F1604D50C32259 /* ModelsView.swift */ = {isa = PBXFileReference; lastKnownFileType = sourcecode.swift; path = ModelsView.swift; sourceTree = "<group>"; };
		02D65605FA6B5B749DBBBA2F /* TalariaApp.swift */ = {isa = PBXFileReference; lastKnownFileType = sourcecode.swift; path = TalariaApp.swift; sourceTree = "<group>"; };
		0726E977A155E433A5401996 /* Markdown.swift */ = {isa = PBXFileReference; lastKnownFileType = sourcecode.swift; path = Markdown.swift; sourceTree = "<group>"; };
		073AE623C0CEF948BEA8260B /* ServerWindowHarness+iOS.swift */ = {isa = PBXFileReference; lastKnownFileType = sourcecode.swift; path = "ServerWindowHarness+iOS.swift"; sourceTree = "<group>"; };
		0840E0D096AF226C4E7ACAD5 /* LogConsoleToolbar.swift */ = {isa = PBXFileReference; lastKnownFileType = sourcecode.swift; path = LogConsoleToolbar.swift; sourceTree = "<group>"; };
		09D9869DC5BF08FEDB227ACF /* ToolCard.swift */ = {isa = PBXFileReference; lastKnownFileType = sourcecode.swift; path = ToolCard.swift; sourceTree = "<group>"; };
		0AE152C7AFC71DFE3A5F5100 /* SoulEditingState.swift */ = {isa = PBXFileReference; lastKnownFileType = sourcecode.swift; path = SoulEditingState.swift; sourceTree = "<group>"; };
		0BF654A05F720DAA02C0B069 /* EditableComparisonView.swift */ = {isa = PBXFileReference; lastKnownFileType = sourcecode.swift; path = EditableComparisonView.swift; sourceTree = "<group>"; };
		0E48D07DCDB76B859B235E8D /* ServerCommands.swift */ = {isa = PBXFileReference; lastKnownFileType = sourcecode.swift; path = ServerCommands.swift; sourceTree = "<group>"; };
		13E7B5FE8F2B768093DA0CC8 /* SessionsSidebar.swift */ = {isa = PBXFileReference; lastKnownFileType = sourcecode.swift; path = SessionsSidebar.swift; sourceTree = "<group>"; };
		154B99C2DB8349C94F4C6ECF /* TalariaTests.xctest */ = {isa = PBXFileReference; explicitFileType = wrapper.cfbundle; includeInIndex = 0; path = TalariaTests.xctest; sourceTree = BUILT_PRODUCTS_DIR; };
		16AA89CC111A07C767A69F09 /* Info.plist */ = {isa = PBXFileReference; lastKnownFileType = text.plist; path = Info.plist; sourceTree = "<group>"; };
		1AB3B08C0EC24C29FE4F898B /* TalariaIOS.app */ = {isa = PBXFileReference; includeInIndex = 0; lastKnownFileType = wrapper.application; path = TalariaIOS.app; sourceTree = BUILT_PRODUCTS_DIR; };
		1C4F883529CB17540706EF66 /* PluginsView.swift */ = {isa = PBXFileReference; lastKnownFileType = sourcecode.swift; path = PluginsView.swift; sourceTree = "<group>"; };
		1DD849FF61E9E7FE99C2441B /* ProfilesView.swift */ = {isa = PBXFileReference; lastKnownFileType = sourcecode.swift; path = ProfilesView.swift; sourceTree = "<group>"; };
		1FAF0B860CFD0B1772AECD9C /* SessionsStore.swift */ = {isa = PBXFileReference; lastKnownFileType = sourcecode.swift; path = SessionsStore.swift; sourceTree = "<group>"; };
		23313EAA36A931AB0092B232 /* DesktopProfileEditor.swift */ = {isa = PBXFileReference; lastKnownFileType = sourcecode.swift; path = DesktopProfileEditor.swift; sourceTree = "<group>"; };
		24D364E6EE421151FA4C1564 /* ConfigEditorContainer.swift */ = {isa = PBXFileReference; lastKnownFileType = sourcecode.swift; path = ConfigEditorContainer.swift; sourceTree = "<group>"; };
		299E76E8B6B759627A8B41DD /* UpdateController.swift */ = {isa = PBXFileReference; lastKnownFileType = sourcecode.swift; path = UpdateController.swift; sourceTree = "<group>"; };
		29E4871FCDE4D32F84F4F785 /* ProbeCapabilityView.swift */ = {isa = PBXFileReference; lastKnownFileType = sourcecode.swift; path = ProbeCapabilityView.swift; sourceTree = "<group>"; };
		2D698123A7F03A11D05B3938 /* PrivacyInfo.xcprivacy */ = {isa = PBXFileReference; path = PrivacyInfo.xcprivacy; sourceTree = "<group>"; };
		323C950380308737D5290B8F /* MockACPTransport.swift */ = {isa = PBXFileReference; lastKnownFileType = sourcecode.swift; path = MockACPTransport.swift; sourceTree = "<group>"; };
		3305AB6CC2FE91C23C78F9CA /* SessionsStoreReadOnlyTests.swift */ = {isa = PBXFileReference; lastKnownFileType = sourcecode.swift; path = SessionsStoreReadOnlyTests.swift; sourceTree = "<group>"; };
		34288494D0F5ABEB4260FA23 /* ConfigEditorHarness.swift */ = {isa = PBXFileReference; lastKnownFileType = sourcecode.swift; path = ConfigEditorHarness.swift; sourceTree = "<group>"; };
		3BE3C2E6EB6E8620978EE451 /* UpdatesView.swift */ = {isa = PBXFileReference; lastKnownFileType = sourcecode.swift; path = UpdatesView.swift; sourceTree = "<group>"; };
		40BCC93769E881572E354E67 /* YAMLFileDocument.swift */ = {isa = PBXFileReference; lastKnownFileType = sourcecode.swift; path = YAMLFileDocument.swift; sourceTree = "<group>"; };
		41704E697D7EBEDF701A6395 /* LogConsoleToolbar.swift */ = {isa = PBXFileReference; lastKnownFileType = sourcecode.swift; path = LogConsoleToolbar.swift; sourceTree = "<group>"; };
		42A302BACE4FD36A943BAEC2 /* PlatformSeam.swift */ = {isa = PBXFileReference; lastKnownFileType = sourcecode.swift; path = PlatformSeam.swift; sourceTree = "<group>"; };
		4354F39DA326E5F1B00315AC /* ProfileEditorState.swift */ = {isa = PBXFileReference; lastKnownFileType = sourcecode.swift; path = ProfileEditorState.swift; sourceTree = "<group>"; };
		451D8EBE2DA75CD69C94FFD8 /* CronView.swift */ = {isa = PBXFileReference; lastKnownFileType = sourcecode.swift; path = CronView.swift; sourceTree = "<group>"; };
		4C4C32B601B019767565103C /* GatewayView.swift */ = {isa = PBXFileReference; lastKnownFileType = sourcecode.swift; path = GatewayView.swift; sourceTree = "<group>"; };
		4D9036C1EE4E2376B7311222 /* HostKeyConfirmationCoordinator.swift */ = {isa = PBXFileReference; lastKnownFileType = sourcecode.swift; path = HostKeyConfirmationCoordinator.swift; sourceTree = "<group>"; };
		4F42FDBFD4F21B7E12EB88CA /* ProfileProber.swift */ = {isa = PBXFileReference; lastKnownFileType = sourcecode.swift; path = ProfileProber.swift; sourceTree = "<group>"; };
		4F61968C9D6A00AA0704AE7B /* RecentServers.swift */ = {isa = PBXFileReference; lastKnownFileType = sourcecode.swift; path = RecentServers.swift; sourceTree = "<group>"; };
		53F2F5B600BE5ABF59512666 /* LoginShellPATHResolver.swift */ = {isa = PBXFileReference; lastKnownFileType = sourcecode.swift; path = LoginShellPATHResolver.swift; sourceTree = "<group>"; };
		568FC0181E0F5E920D11F788 /* TalariaIOSUITests.xctest */ = {isa = PBXFileReference; includeInIndex = 0; lastKnownFileType = wrapper.cfbundle; path = TalariaIOSUITests.xctest; sourceTree = BUILT_PRODUCTS_DIR; };
		574D3C3473960761D9EEF81C /* SessionsCwdStore.swift */ = {isa = PBXFileReference; lastKnownFileType = sourcecode.swift; path = SessionsCwdStore.swift; sourceTree = "<group>"; };
		58CBDD31C2455B43FD8029D7 /* HighlightingTextEditor.swift */ = {isa = PBXFileReference; lastKnownFileType = sourcecode.swift; path = HighlightingTextEditor.swift; sourceTree = "<group>"; };
		5E05DB8DF8D9AFD4FE25E26E /* ConfigFieldControl.swift */ = {isa = PBXFileReference; lastKnownFileType = sourcecode.swift; path = ConfigFieldControl.swift; sourceTree = "<group>"; };
		5F6D42240D0DFA40A9B1E0FC /* DesktopServerWindow.swift */ = {isa = PBXFileReference; lastKnownFileType = sourcecode.swift; path = DesktopServerWindow.swift; sourceTree = "<group>"; };
		690152DEACAA0648E113BDAC /* ProfileFieldBindings.swift */ = {isa = PBXFileReference; lastKnownFileType = sourcecode.swift; path = ProfileFieldBindings.swift; sourceTree = "<group>"; };
		6A4915ACEFA306626EEECA63 /* YAMLHighlightTheme.swift */ = {isa = PBXFileReference; lastKnownFileType = sourcecode.swift; path = YAMLHighlightTheme.swift; sourceTree = "<group>"; };
		6A4D5F91E421312E2E370A23 /* BrowseDetail.swift */ = {isa = PBXFileReference; lastKnownFileType = sourcecode.swift; path = BrowseDetail.swift; sourceTree = "<group>"; };
		6E5FD3271C03262E8A67B725 /* SkillsView.swift */ = {isa = PBXFileReference; lastKnownFileType = sourcecode.swift; path = SkillsView.swift; sourceTree = "<group>"; };
		709907472C40B185B05E1F20 /* SettingsScene.swift */ = {isa = PBXFileReference; lastKnownFileType = sourcecode.swift; path = SettingsScene.swift; sourceTree = "<group>"; };
		711D18166117D38A95717B0D /* RootWindowScene.swift */ = {isa = PBXFileReference; lastKnownFileType = sourcecode.swift; path = RootWindowScene.swift; sourceTree = "<group>"; };
		71FE69AC7DA73A5FB9244123 /* LogConsole.swift */ = {isa = PBXFileReference; lastKnownFileType = sourcecode.swift; path = LogConsole.swift; sourceTree = "<group>"; };
		748E28FC6797F351A6EBB220 /* PermissionPrompt.swift */ = {isa = PBXFileReference; lastKnownFileType = sourcecode.swift; path = PermissionPrompt.swift; sourceTree = "<group>"; };
		7708C07FD33792DB6597C593 /* ChatBubble.swift */ = {isa = PBXFileReference; lastKnownFileType = sourcecode.swift; path = ChatBubble.swift; sourceTree = "<group>"; };
		7914D7DB63EFCABE5A2D84BA /* SlashMenu.swift */ = {isa = PBXFileReference; lastKnownFileType = sourcecode.swift; path = SlashMenu.swift; sourceTree = "<group>"; };
		7D9089ABA90F410BC7A0349A /* BrowseDestination.swift */ = {isa = PBXFileReference; lastKnownFileType = sourcecode.swift; path = BrowseDestination.swift; sourceTree = "<group>"; };
		82AB33DE89BBD4F3D4D28D34 /* PhoneBrowseSheet.swift */ = {isa = PBXFileReference; lastKnownFileType = sourcecode.swift; path = PhoneBrowseSheet.swift; sourceTree = "<group>"; };
		82CA47B4FE65F06FAC7B45D9 /* Composer.swift */ = {isa = PBXFileReference; lastKnownFileType = sourcecode.swift; path = Composer.swift; sourceTree = "<group>"; };
		8AA23ADC5BC8B713EA424CDD /* ProfileEditorRoot.swift */ = {isa = PBXFileReference; lastKnownFileType = sourcecode.swift; path = ProfileEditorRoot.swift; sourceTree = "<group>"; };
		94299301A67348B115A820E1 /* PlatformSeam.swift */ = {isa = PBXFileReference; lastKnownFileType = sourcecode.swift; path = PlatformSeam.swift; sourceTree = "<group>"; };
		98125E594379F762DEEEBF1A /* Info-iOS.plist */ = {isa = PBXFileReference; lastKnownFileType = text.plist; path = "Info-iOS.plist"; sourceTree = "<group>"; };
		9CA01C5F2F7904E83DB29961 /* ChatView.swift */ = {isa = PBXFileReference; lastKnownFileType = sourcecode.swift; path = ChatView.swift; sourceTree = "<group>"; };
		9E0675F4B94F55DDF642B901 /* SessionHistoryMapper.swift */ = {isa = PBXFileReference; lastKnownFileType = sourcecode.swift; path = SessionHistoryMapper.swift; sourceTree = "<group>"; };
		9F78017EA1F409DD12D2729D /* DoctorHarnessTests.swift */ = {isa = PBXFileReference; lastKnownFileType = sourcecode.swift; path = DoctorHarnessTests.swift; sourceTree = "<group>"; };
		A12A6961B7D8E937263627BB /* LogsView.swift */ = {isa = PBXFileReference; lastKnownFileType = sourcecode.swift; path = LogsView.swift; sourceTree = "<group>"; };
		A30DFD8DFB5E048EC77638CD /* DoctorView.swift */ = {isa = PBXFileReference; lastKnownFileType = sourcecode.swift; path = DoctorView.swift; sourceTree = "<group>"; };
		A347F5D89ECABEECE7BC2538 /* SoulEditorContainer.swift */ = {isa = PBXFileReference; lastKnownFileType = sourcecode.swift; path = SoulEditorContainer.swift; sourceTree = "<group>"; };
		AB09200C1C83F6EF34A8A307 /* DashboardCoordinator.swift */ = {isa = PBXFileReference; lastKnownFileType = sourcecode.swift; path = DashboardCoordinator.swift; sourceTree = "<group>"; };
		AD77CC385AAC4DB3C947D6DB /* StructuredConfigEditor.swift */ = {isa = PBXFileReference; lastKnownFileType = sourcecode.swift; path = StructuredConfigEditor.swift; sourceTree = "<group>"; };
		AEB660801AA7110B5EAC2AF8 /* ConfigEditingState.swift */ = {isa = PBXFileReference; lastKnownFileType = sourcecode.swift; path = ConfigEditingState.swift; sourceTree = "<group>"; };
		B001CA285B7593A84B2E5C1E /* PhoneServerWindow.swift */ = {isa = PBXFileReference; lastKnownFileType = sourcecode.swift; path = PhoneServerWindow.swift; sourceTree = "<group>"; };
		B557A59EF59CBA382E684565 /* SessionHistoryMapperTests.swift */ = {isa = PBXFileReference; lastKnownFileType = sourcecode.swift; path = SessionHistoryMapperTests.swift; sourceTree = "<group>"; };
		B71A6200C3475A1788F447EE /* Assets.xcassets */ = {isa = PBXFileReference; lastKnownFileType = folder.assetcatalog; path = Assets.xcassets; sourceTree = "<group>"; };
		B9E1E73EC2580CB9D11A92ED /* ServerWindowHarness.swift */ = {isa = PBXFileReference; lastKnownFileType = sourcecode.swift; path = ServerWindowHarness.swift; sourceTree = "<group>"; };
		BEC6EAC9742C997DB3F416F0 /* AppLog.swift */ = {isa = PBXFileReference; lastKnownFileType = sourcecode.swift; path = AppLog.swift; sourceTree = "<group>"; };
		C21784B6CC62C9E498749A73 /* SessionsBrowser.swift */ = {isa = PBXFileReference; lastKnownFileType = sourcecode.swift; path = SessionsBrowser.swift; sourceTree = "<group>"; };
		C3D2C3E35C2AD0E82789D5C9 /* ReasoningPanel.swift */ = {isa = PBXFileReference; lastKnownFileType = sourcecode.swift; path = ReasoningPanel.swift; sourceTree = "<group>"; };
		C53A32F3ADA4A96AD1BC1E61 /* WindowNotifications.swift */ = {isa = PBXFileReference; lastKnownFileType = sourcecode.swift; path = WindowNotifications.swift; sourceTree = "<group>"; };
		C5B55B10334250C6E3E71ECA /* ConfigEditorHarnessBackupTests.swift */ = {isa = PBXFileReference; lastKnownFileType = sourcecode.swift; path = ConfigEditorHarnessBackupTests.swift; sourceTree = "<group>"; };
		C92A4408751CCA22446EA7AE /* ProfileDirectory.swift */ = {isa = PBXFileReference; lastKnownFileType = sourcecode.swift; path = ProfileDirectory.swift; sourceTree = "<group>"; };
		C96EFF9FC070B9FA408E6992 /* YAMLConfigEditor.swift */ = {isa = PBXFileReference; lastKnownFileType = sourcecode.swift; path = YAMLConfigEditor.swift; sourceTree = "<group>"; };
		CF4DD77146A6664BBB6ABC3F /* Talaria.app */ = {isa = PBXFileReference; explicitFileType = wrapper.application; includeInIndex = 0; path = Talaria.app; sourceTree = BUILT_PRODUCTS_DIR; };
		D22C1A2F3286887BEC9A982E /* TalariaApp.swift */ = {isa = PBXFileReference; lastKnownFileType = sourcecode.swift; path = TalariaApp.swift; sourceTree = "<group>"; };
		D73190DC0343E43442753E5E /* StatusBar.swift */ = {isa = PBXFileReference; lastKnownFileType = sourcecode.swift; path = StatusBar.swift; sourceTree = "<group>"; };
		DA57702C4F0773DF6231FDD1 /* ChatModels.swift */ = {isa = PBXFileReference; lastKnownFileType = sourcecode.swift; path = ChatModels.swift; sourceTree = "<group>"; };
		DD5A8C9E26CB5316AE819FD5 /* ProfileProber.swift */ = {isa = PBXFileReference; lastKnownFileType = sourcecode.swift; path = ProfileProber.swift; sourceTree = "<group>"; };
		DDC6CCD5B8F3E1D29743B8A5 /* ChatNavigationUITests.swift */ = {isa = PBXFileReference; lastKnownFileType = sourcecode.swift; path = ChatNavigationUITests.swift; sourceTree = "<group>"; };
		DE7C6DE41D3712DB0E94D405 /* SessionIdFormatter.swift */ = {isa = PBXFileReference; lastKnownFileType = sourcecode.swift; path = SessionIdFormatter.swift; sourceTree = "<group>"; };
		DFE066B74B82DFA8FC5F8F24 /* DiffView.swift */ = {isa = PBXFileReference; lastKnownFileType = sourcecode.swift; path = DiffView.swift; sourceTree = "<group>"; };
		E005ED3BDD366E523AD6E04B /* Talaria.entitlements */ = {isa = PBXFileReference; lastKnownFileType = text.plist.entitlements; path = Talaria.entitlements; sourceTree = "<group>"; };
		E164EDD7A34D35C13D632433 /* PhoneProfileEditor.swift */ = {isa = PBXFileReference; lastKnownFileType = sourcecode.swift; path = PhoneProfileEditor.swift; sourceTree = "<group>"; };
		E3EDBB9C99D2FF50800A31BE /* ToolsView.swift */ = {isa = PBXFileReference; lastKnownFileType = sourcecode.swift; path = ToolsView.swift; sourceTree = "<group>"; };
		EB81206B9EF574CFB34BF803 /* ServerWindowHarness+macOS.swift */ = {isa = PBXFileReference; lastKnownFileType = sourcecode.swift; path = "ServerWindowHarness+macOS.swift"; sourceTree = "<group>"; };
		EC599A81E82D875768DD55B4 /* TranscriptRow.swift */ = {isa = PBXFileReference; lastKnownFileType = sourcecode.swift; path = TranscriptRow.swift; sourceTree = "<group>"; };
		EF152D845CF1F40845F887CA /* ServerWindowRoot.swift */ = {isa = PBXFileReference; lastKnownFileType = sourcecode.swift; path = ServerWindowRoot.swift; sourceTree = "<group>"; };
		F30054244D9FE8D35AE76B2B /* PathAwareHermesAdminRunner.swift */ = {isa = PBXFileReference; lastKnownFileType = sourcecode.swift; path = PathAwareHermesAdminRunner.swift; sourceTree = "<group>"; };
		F60C409BF8E2169D2D41DAEE /* HermesKit */ = {isa = PBXFileReference; lastKnownFileType = folder; name = HermesKit; path = HermesKit; sourceTree = SOURCE_ROOT; };
		F71BFC25850A646580866C0D /* ManageHarness.swift */ = {isa = PBXFileReference; lastKnownFileType = sourcecode.swift; path = ManageHarness.swift; sourceTree = "<group>"; };
		FBCC3AB20959D5AB1E75BEF7 /* ProfileFormSections.swift */ = {isa = PBXFileReference; lastKnownFileType = sourcecode.swift; path = ProfileFormSections.swift; sourceTree = "<group>"; };
/* End PBXFileReference section */

/* Begin PBXFrameworksBuildPhase section */
		E5E6E21F33FBFD3645A204F9 /* Frameworks */ = {
			isa = PBXFrameworksBuildPhase;
			buildActionMask = 2147483647;
			files = (
				C6CD91309172B4FADFB06592 /* HermesKit in Frameworks */,
				15A7FC4163AEF6367E9D802F /* Sparkle in Frameworks */,
			);
			runOnlyForDeploymentPostprocessing = 0;
		};
		F36D6E8BE6190703B6D2AC35 /* Frameworks */ = {
			isa = PBXFrameworksBuildPhase;
			buildActionMask = 2147483647;
			files = (
				07DBA47FED183F9847DECCD5 /* HermesKit in Frameworks */,
			);
			runOnlyForDeploymentPostprocessing = 0;
		};
/* End PBXFrameworksBuildPhase section */

/* Begin PBXGroup section */
		0011A042DC786A6D357F8B2B /* Chat */ = {
			isa = PBXGroup;
			children = (
				7708C07FD33792DB6597C593 /* ChatBubble.swift */,
				DA57702C4F0773DF6231FDD1 /* ChatModels.swift */,
				9CA01C5F2F7904E83DB29961 /* ChatView.swift */,
				82CA47B4FE65F06FAC7B45D9 /* Composer.swift */,
				DFE066B74B82DFA8FC5F8F24 /* DiffView.swift */,
				0726E977A155E433A5401996 /* Markdown.swift */,
				748E28FC6797F351A6EBB220 /* PermissionPrompt.swift */,
				C3D2C3E35C2AD0E82789D5C9 /* ReasoningPanel.swift */,
				9E0675F4B94F55DDF642B901 /* SessionHistoryMapper.swift */,
				7914D7DB63EFCABE5A2D84BA /* SlashMenu.swift */,
				D73190DC0343E43442753E5E /* StatusBar.swift */,
				09D9869DC5BF08FEDB227ACF /* ToolCard.swift */,
				EC599A81E82D875768DD55B4 /* TranscriptRow.swift */,
			);
			path = Chat;
			sourceTree = "<group>";
		};
		0A18BE56B0116B07667A6F37 /* Platform */ = {
			isa = PBXGroup;
			children = (
				3D52B00EC078C5101951329D /* iOS */,
				443B56E8D1B0526272DCE317 /* macOS */,
			);
			path = Platform;
			sourceTree = "<group>";
		};
		0F3BDB93DF040FC65F24CE8C /* Sessions */ = {
			isa = PBXGroup;
			children = (
				DE7C6DE41D3712DB0E94D405 /* SessionIdFormatter.swift */,
				C21784B6CC62C9E498749A73 /* SessionsBrowser.swift */,
				574D3C3473960761D9EEF81C /* SessionsCwdStore.swift */,
				13E7B5FE8F2B768093DA0CC8 /* SessionsSidebar.swift */,
				1FAF0B860CFD0B1772AECD9C /* SessionsStore.swift */,
			);
			path = Sessions;
			sourceTree = "<group>";
		};
		103CFAA4F2279113DEBD72F1 /* TalariaTests */ = {
			isa = PBXGroup;
			children = (
				C5B55B10334250C6E3E71ECA /* ConfigEditorHarnessBackupTests.swift */,
				9F78017EA1F409DD12D2729D /* DoctorHarnessTests.swift */,
				B557A59EF59CBA382E684565 /* SessionHistoryMapperTests.swift */,
				3305AB6CC2FE91C23C78F9CA /* SessionsStoreReadOnlyTests.swift */,
			);
			path = TalariaTests;
			sourceTree = "<group>";
		};
		15038323A97BF01193E35636 /* macOS */ = {
			isa = PBXGroup;
			children = (
				AB09200C1C83F6EF34A8A307 /* DashboardCoordinator.swift */,
				0E48D07DCDB76B859B235E8D /* ServerCommands.swift */,
				EB81206B9EF574CFB34BF803 /* ServerWindowHarness+macOS.swift */,
				709907472C40B185B05E1F20 /* SettingsScene.swift */,
			);
			path = macOS;
			sourceTree = "<group>";
		};
		187505844990D8A8DD1F85A4 /* macOS */ = {
			isa = PBXGroup;
			children = (
				41704E697D7EBEDF701A6395 /* LogConsoleToolbar.swift */,
				53F2F5B600BE5ABF59512666 /* LoginShellPATHResolver.swift */,
				F30054244D9FE8D35AE76B2B /* PathAwareHermesAdminRunner.swift */,
				299E76E8B6B759627A8B41DD /* UpdateController.swift */,
			);
			path = macOS;
			sourceTree = "<group>";
		};
		2803CBF021520474B0B20B30 /* Desktop */ = {
			isa = PBXGroup;
			children = (
				5F6D42240D0DFA40A9B1E0FC /* DesktopServerWindow.swift */,
			);
			path = Desktop;
			sourceTree = "<group>";
		};
		3D52B00EC078C5101951329D /* iOS */ = {
			isa = PBXGroup;
			children = (
				42A302BACE4FD36A943BAEC2 /* PlatformSeam.swift */,
				4F42FDBFD4F21B7E12EB88CA /* ProfileProber.swift */,
			);
			path = iOS;
			sourceTree = "<group>";
		};
		443B56E8D1B0526272DCE317 /* macOS */ = {
			isa = PBXGroup;
			children = (
				94299301A67348B115A820E1 /* PlatformSeam.swift */,
				DD5A8C9E26CB5316AE819FD5 /* ProfileProber.swift */,
			);
			path = macOS;
			sourceTree = "<group>";
		};
		46FB10A751248C1591C2EBFE /* iphone */ = {
			isa = PBXGroup;
			children = (
				E164EDD7A34D35C13D632433 /* PhoneProfileEditor.swift */,
			);
			path = iphone;
			sourceTree = "<group>";
		};
		559AF69A4351F89C500ED5EC /* System */ = {
			isa = PBXGroup;
			children = (
				BEC6EAC9742C997DB3F416F0 /* AppLog.swift */,
				71FE69AC7DA73A5FB9244123 /* LogConsole.swift */,
				CDAC774B6984161F68546501 /* iOS */,
				187505844990D8A8DD1F85A4 /* macOS */,
			);
			path = System;
			sourceTree = "<group>";
		};
		562A82B7D5D13781AE7BC1B4 /* Manage */ = {
			isa = PBXGroup;
			children = (
				451D8EBE2DA75CD69C94FFD8 /* CronView.swift */,
				A30DFD8DFB5E048EC77638CD /* DoctorView.swift */,
				4C4C32B601B019767565103C /* GatewayView.swift */,
				A12A6961B7D8E937263627BB /* LogsView.swift */,
				F71BFC25850A646580866C0D /* ManageHarness.swift */,
				02B3715B46F1604D50C32259 /* ModelsView.swift */,
				1C4F883529CB17540706EF66 /* PluginsView.swift */,
				1DD849FF61E9E7FE99C2441B /* ProfilesView.swift */,
				6E5FD3271C03262E8A67B725 /* SkillsView.swift */,
				E3EDBB9C99D2FF50800A31BE /* ToolsView.swift */,
				3BE3C2E6EB6E8620978EE451 /* UpdatesView.swift */,
			);
			path = Manage;
			sourceTree = "<group>";
		};
		62A130D9C676F995A1ADC13F /* iOS */ = {
			isa = PBXGroup;
			children = (
				073AE623C0CEF948BEA8260B /* ServerWindowHarness+iOS.swift */,
				EF152D845CF1F40845F887CA /* ServerWindowRoot.swift */,
				E700082832C0C07920B77308 /* iphone */,
			);
			path = iOS;
			sourceTree = "<group>";
		};
		73DEE48FDAA6B5DE9BEAA0B0 /* App */ = {
			isa = PBXGroup;
			children = (
				711D18166117D38A95717B0D /* RootWindowScene.swift */,
			);
			path = App;
			sourceTree = "<group>";
		};
		7843CC6E36D5DBBB21606411 /* Testing */ = {
			isa = PBXGroup;
			children = (
				323C950380308737D5290B8F /* MockACPTransport.swift */,
			);
			path = Testing;
			sourceTree = "<group>";
		};
		79E5B7197F6A1FE02D0B4B50 /* TalariaUITests */ = {
			isa = PBXGroup;
			children = (
				DDC6CCD5B8F3E1D29743B8A5 /* ChatNavigationUITests.swift */,
			);
			path = TalariaUITests;
			sourceTree = "<group>";
		};
		9C9844FEBE7AD1EA9F62D088 /* Profiles */ = {
			isa = PBXGroup;
			children = (
				29E4871FCDE4D32F84F4F785 /* ProbeCapabilityView.swift */,
				C92A4408751CCA22446EA7AE /* ProfileDirectory.swift */,
				4354F39DA326E5F1B00315AC /* ProfileEditorState.swift */,
				690152DEACAA0648E113BDAC /* ProfileFieldBindings.swift */,
				FBCC3AB20959D5AB1E75BEF7 /* ProfileFormSections.swift */,
				BECB3045F26C731D2FCDD414 /* ConfigEditor */,
				C54BBDB39C5DEF942C110389 /* Desktop */,
				9D19D7BE781F1ED6A97619F3 /* iOS */,
				CB0B0888BEFC152A3AC2FD10 /* SoulEditor */,
			);
			path = Profiles;
			sourceTree = "<group>";
		};
		9D19D7BE781F1ED6A97619F3 /* iOS */ = {
			isa = PBXGroup;
			children = (
				8AA23ADC5BC8B713EA424CDD /* ProfileEditorRoot.swift */,
				46FB10A751248C1591C2EBFE /* iphone */,
			);
			path = iOS;
			sourceTree = "<group>";
		};
		A37EFAE62F3229349E34F508 /* Products */ = {
			isa = PBXGroup;
			children = (
				CF4DD77146A6664BBB6ABC3F /* Talaria.app */,
				1AB3B08C0EC24C29FE4F898B /* TalariaIOS.app */,
				568FC0181E0F5E920D11F788 /* TalariaIOSUITests.xctest */,
				154B99C2DB8349C94F4C6ECF /* TalariaTests.xctest */,
			);
			name = Products;
			sourceTree = "<group>";
		};
		BECB3045F26C731D2FCDD414 /* ConfigEditor */ = {
			isa = PBXGroup;
			children = (
				AEB660801AA7110B5EAC2AF8 /* ConfigEditingState.swift */,
				24D364E6EE421151FA4C1564 /* ConfigEditorContainer.swift */,
				34288494D0F5ABEB4260FA23 /* ConfigEditorHarness.swift */,
				5E05DB8DF8D9AFD4FE25E26E /* ConfigFieldControl.swift */,
				0BF654A05F720DAA02C0B069 /* EditableComparisonView.swift */,
				58CBDD31C2455B43FD8029D7 /* HighlightingTextEditor.swift */,
				AD77CC385AAC4DB3C947D6DB /* StructuredConfigEditor.swift */,
				C96EFF9FC070B9FA408E6992 /* YAMLConfigEditor.swift */,
				40BCC93769E881572E354E67 /* YAMLFileDocument.swift */,
				6A4915ACEFA306626EEECA63 /* YAMLHighlightTheme.swift */,
			);
			path = ConfigEditor;
			sourceTree = "<group>";
		};
		C54BBDB39C5DEF942C110389 /* Desktop */ = {
			isa = PBXGroup;
			children = (
				23313EAA36A931AB0092B232 /* DesktopProfileEditor.swift */,
			);
			path = Desktop;
			sourceTree = "<group>";
		};
		CB0B0888BEFC152A3AC2FD10 /* SoulEditor */ = {
			isa = PBXGroup;
			children = (
				0AE152C7AFC71DFE3A5F5100 /* SoulEditingState.swift */,
				A347F5D89ECABEECE7BC2538 /* SoulEditorContainer.swift */,
			);
			path = SoulEditor;
			sourceTree = "<group>";
		};
		CCD78760DBE6F6BDAC08F889 /* iOS */ = {
			isa = PBXGroup;
			children = (
				02D65605FA6B5B749DBBBA2F /* TalariaApp.swift */,
			);
			path = iOS;
			sourceTree = "<group>";
		};
		CDAC774B6984161F68546501 /* iOS */ = {
			isa = PBXGroup;
			children = (
				0840E0D096AF226C4E7ACAD5 /* LogConsoleToolbar.swift */,
			);
			path = iOS;
			sourceTree = "<group>";
		};
		D627F6C98B1D08E7A60380A9 /* Windows */ = {
			isa = PBXGroup;
			children = (
				7D9089ABA90F410BC7A0349A /* BrowseDestination.swift */,
				6A4D5F91E421312E2E370A23 /* BrowseDetail.swift */,
				4D9036C1EE4E2376B7311222 /* HostKeyConfirmationCoordinator.swift */,
				4F61968C9D6A00AA0704AE7B /* RecentServers.swift */,
				B9E1E73EC2580CB9D11A92ED /* ServerWindowHarness.swift */,
				C53A32F3ADA4A96AD1BC1E61 /* WindowNotifications.swift */,
				2803CBF021520474B0B20B30 /* Desktop */,
				62A130D9C676F995A1ADC13F /* iOS */,
				15038323A97BF01193E35636 /* macOS */,
			);
			path = Windows;
			sourceTree = "<group>";
		};
		D7564DA576AC5D795BFCA34D /* Packages */ = {
			isa = PBXGroup;
			children = (
				F60C409BF8E2169D2D41DAEE /* HermesKit */,
			);
			name = Packages;
			sourceTree = "<group>";
		};
		DE125BC2E9E0D4673B61BFF7 /* Talaria */ = {
			isa = PBXGroup;
			children = (
				B71A6200C3475A1788F447EE /* Assets.xcassets */,
				98125E594379F762DEEEBF1A /* Info-iOS.plist */,
				16AA89CC111A07C767A69F09 /* Info.plist */,
				2D698123A7F03A11D05B3938 /* PrivacyInfo.xcprivacy */,
				E005ED3BDD366E523AD6E04B /* Talaria.entitlements */,
				73DEE48FDAA6B5DE9BEAA0B0 /* App */,
				0011A042DC786A6D357F8B2B /* Chat */,
				CCD78760DBE6F6BDAC08F889 /* iOS */,
				E9F80BF3B1C7DF6580476524 /* macOS */,
				562A82B7D5D13781AE7BC1B4 /* Manage */,
				0A18BE56B0116B07667A6F37 /* Platform */,
				9C9844FEBE7AD1EA9F62D088 /* Profiles */,
				0F3BDB93DF040FC65F24CE8C /* Sessions */,
				559AF69A4351F89C500ED5EC /* System */,
				7843CC6E36D5DBBB21606411 /* Testing */,
				D627F6C98B1D08E7A60380A9 /* Windows */,
			);
			path = Talaria;
			sourceTree = "<group>";
		};
		E700082832C0C07920B77308 /* iphone */ = {
			isa = PBXGroup;
			children = (
				82AB33DE89BBD4F3D4D28D34 /* PhoneBrowseSheet.swift */,
				B001CA285B7593A84B2E5C1E /* PhoneServerWindow.swift */,
			);
			path = iphone;
			sourceTree = "<group>";
		};
		E9F80BF3B1C7DF6580476524 /* macOS */ = {
			isa = PBXGroup;
			children = (
				D22C1A2F3286887BEC9A982E /* TalariaApp.swift */,
			);
			path = macOS;
			sourceTree = "<group>";
		};
		FA2F382BD79E074E6408AA1F = {
			isa = PBXGroup;
			children = (
				D7564DA576AC5D795BFCA34D /* Packages */,
				DE125BC2E9E0D4673B61BFF7 /* Talaria */,
				103CFAA4F2279113DEBD72F1 /* TalariaTests */,
				79E5B7197F6A1FE02D0B4B50 /* TalariaUITests */,
				A37EFAE62F3229349E34F508 /* Products */,
			);
			sourceTree = "<group>";
		};
/* End PBXGroup section */

/* Begin PBXNativeTarget section */
		19E2CCC8D5A00B0C4146275A /* TalariaIOS */ = {
			isa = PBXNativeTarget;
			buildConfigurationList = E25AC2482722BF31C137DE8D /* Build configuration list for PBXNativeTarget "TalariaIOS" */;
			buildPhases = (
				1B398CF6C73CB9F9FDBB6A33 /* Sources */,
				DEC2FDE427ED140350AC5007 /* Resources */,
				F36D6E8BE6190703B6D2AC35 /* Frameworks */,
			);
			buildRules = (
			);
			dependencies = (
			);
			name = TalariaIOS;
			packageProductDependencies = (
				8115E8BE768E77F5D1E3BE4B /* HermesKit */,
			);
			productName = TalariaIOS;
			productReference = 1AB3B08C0EC24C29FE4F898B /* TalariaIOS.app */;
			productType = "com.apple.product-type.application";
		};
		1E8262A30297B30A6BC1DDAA /* Talaria */ = {
			isa = PBXNativeTarget;
			buildConfigurationList = 6FA2862A2994464CF29E360F /* Build configuration list for PBXNativeTarget "Talaria" */;
			buildPhases = (
				0909E99EF4BBD40F434D1AB5 /* Sources */,
				071B8062BEC13B6ABCEB136A /* Resources */,
				E5E6E21F33FBFD3645A204F9 /* Frameworks */,
			);
			buildRules = (
			);
			dependencies = (
			);
			name = Talaria;
			packageProductDependencies = (
				BBB6C95B2C73AA1B6DB0B78B /* HermesKit */,
				01A9F9047947C5476F232D23 /* Sparkle */,
			);
			productName = Talaria;
			productReference = CF4DD77146A6664BBB6ABC3F /* Talaria.app */;
			productType = "com.apple.product-type.application";
		};
		872C51834B62EF007C72C3F4 /* TalariaIOSUITests */ = {
			isa = PBXNativeTarget;
			buildConfigurationList = 5999FAB42631478E1E2F6327 /* Build configuration list for PBXNativeTarget "TalariaIOSUITests" */;
			buildPhases = (
				87F5CA46CBDF73B655677151 /* Sources */,
			);
			buildRules = (
			);
			dependencies = (
				17D996BA3B42611CA9F123FA /* PBXTargetDependency */,
			);
			name = TalariaIOSUITests;
			packageProductDependencies = (
			);
			productName = TalariaIOSUITests;
			productReference = 568FC0181E0F5E920D11F788 /* TalariaIOSUITests.xctest */;
			productType = "com.apple.product-type.bundle.ui-testing";
		};
		F0FA28CB15B9B08CBC809F0D /* TalariaTests */ = {
			isa = PBXNativeTarget;
			buildConfigurationList = AECFAC0B6AF88C2C4D00058E /* Build configuration list for PBXNativeTarget "TalariaTests" */;
			buildPhases = (
				9D815F8589BF1F930745A63E /* Sources */,
			);
			buildRules = (
			);
			dependencies = (
				65B5749C415BEA86CA20C642 /* PBXTargetDependency */,
			);
			name = TalariaTests;
			packageProductDependencies = (
			);
			productName = TalariaTests;
			productReference = 154B99C2DB8349C94F4C6ECF /* TalariaTests.xctest */;
			productType = "com.apple.product-type.bundle.unit-test";
		};
/* End PBXNativeTarget section */

/* Begin PBXProject section */
		228D8C57FD8574006AD1BA11 /* Project object */ = {
			isa = PBXProject;
			attributes = {
				BuildIndependentTargetsInParallel = YES;
				LastUpgradeCheck = 1430;
				TargetAttributes = {
					19E2CCC8D5A00B0C4146275A = {
						DevelopmentTeam = 9URLHJ84PY;
						ProvisioningStyle = Automatic;
					};
					872C51834B62EF007C72C3F4 = {
						DevelopmentTeam = 9URLHJ84PY;
						ProvisioningStyle = Automatic;
						TestTargetID = 19E2CCC8D5A00B0C4146275A;
					};
				};
			};
			buildConfigurationList = F244F399B102D7DF7E691D7E /* Build configuration list for PBXProject "Talaria" */;
			developmentRegion = en;
			hasScannedForEncodings = 0;
			knownRegions = (
				Base,
				en,
			);
			mainGroup = FA2F382BD79E074E6408AA1F;
			minimizedProjectReferenceProxies = 1;
			packageReferences = (
				E0D55BA852A5AB46C3C36ED5 /* XCRemoteSwiftPackageReference "Sparkle" */,
				9E368D9FF5EB29159F3EF6C2 /* XCLocalSwiftPackageReference "HermesKit" */,
			);
			preferredProjectObjectVersion = 77;
			productRefGroup = A37EFAE62F3229349E34F508 /* Products */;
			projectDirPath = "";
			projectRoot = "";
			targets = (
				1E8262A30297B30A6BC1DDAA /* Talaria */,
				19E2CCC8D5A00B0C4146275A /* TalariaIOS */,
				872C51834B62EF007C72C3F4 /* TalariaIOSUITests */,
				F0FA28CB15B9B08CBC809F0D /* TalariaTests */,
			);
		};
/* End PBXProject section */

/* Begin PBXResourcesBuildPhase section */
		071B8062BEC13B6ABCEB136A /* Resources */ = {
			isa = PBXResourcesBuildPhase;
			buildActionMask = 2147483647;
			files = (
				0ABDCA69A2B9FF88CA82E91A /* Assets.xcassets in Resources */,
				1CB486B12C0C991FB9C567DC /* PrivacyInfo.xcprivacy in Resources */,
			);
			runOnlyForDeploymentPostprocessing = 0;
		};
		DEC2FDE427ED140350AC5007 /* Resources */ = {
			isa = PBXResourcesBuildPhase;
			buildActionMask = 2147483647;
			files = (
				A27B8F3EDC961F5FC9E17E94 /* Assets.xcassets in Resources */,
				5AFB94D7B98010526A54F2DE /* PrivacyInfo.xcprivacy in Resources */,
			);
			runOnlyForDeploymentPostprocessing = 0;
		};
/* End PBXResourcesBuildPhase section */

/* Begin PBXSourcesBuildPhase section */
		0909E99EF4BBD40F434D1AB5 /* Sources */ = {
			isa = PBXSourcesBuildPhase;
			buildActionMask = 2147483647;
			files = (
				1EECCDC4AE1FAACFF07BE0AD /* AppLog.swift in Sources */,
				7621DC3ED55B2069E6CE1F9F /* BrowseDestination.swift in Sources */,
				3294913DBA7E308109C8DB64 /* BrowseDetail.swift in Sources */,
				21F863E247E5CFE4FF377689 /* ChatBubble.swift in Sources */,
				2EE9D69FC8789FCC0DF4B49C /* ChatModels.swift in Sources */,
				FF4B12C0890FE3A218309E50 /* ChatView.swift in Sources */,
				762AEA4C3482528E246E3A92 /* Composer.swift in Sources */,
				43747B37FD0DC24A5ACCB605 /* ConfigEditingState.swift in Sources */,
				792EDEE5157520320862CDB4 /* ConfigEditorContainer.swift in Sources */,
				525FCB49DC901C4DF9051C75 /* ConfigEditorHarness.swift in Sources */,
				34B686C4F360D31EEC3D876F /* ConfigFieldControl.swift in Sources */,
				6168D745D22D531C88F18732 /* CronView.swift in Sources */,
				82D44DDFB5D8C415B6D4D683 /* DashboardCoordinator.swift in Sources */,
				D8A1F37FD8DF30100ECFEFF9 /* DesktopProfileEditor.swift in Sources */,
				D86E0462A2BD43506BF88303 /* DesktopServerWindow.swift in Sources */,
				B9A1BE8BABCD8D8AC1125F51 /* DiffView.swift in Sources */,
				4E7061CE24B864B40FE49C0F /* DoctorView.swift in Sources */,
				F4A61373EAFCA169C0F8696D /* EditableComparisonView.swift in Sources */,
				E19A3A72DA219D0EEC62E0B8 /* GatewayView.swift in Sources */,
				32D9D5FF740814397C7661DF /* HighlightingTextEditor.swift in Sources */,
				1A1F3DE30BDCE1C40778F6B4 /* HostKeyConfirmationCoordinator.swift in Sources */,
				E96EB01A117C0954E4F23C37 /* LogConsole.swift in Sources */,
				DD58828D88BFA7B322CC374C /* LogConsoleToolbar.swift in Sources */,
				C7B761A3B90CA969B135A078 /* LoginShellPATHResolver.swift in Sources */,
				509BA0FE78675098B5B350C5 /* LogsView.swift in Sources */,
				FDA938862AD8209C8779D721 /* ManageHarness.swift in Sources */,
				412453BCEDDA513AC77AECD1 /* Markdown.swift in Sources */,
				408B27EA1C9A9D34994CAA95 /* MockACPTransport.swift in Sources */,
				9E5C26D2592A7D03F690F860 /* ModelsView.swift in Sources */,
				C859F63DE8CEC424B7C05398 /* PathAwareHermesAdminRunner.swift in Sources */,
				1964C2ACA58980B5A5A68B49 /* PermissionPrompt.swift in Sources */,
				54A82F7BD3081070B11BE221 /* PlatformSeam.swift in Sources */,
				586813A54625FC9635FB6B3C /* PluginsView.swift in Sources */,
				60BABDAAC494107AA6363743 /* ProbeCapabilityView.swift in Sources */,
				9C156DB4C32D6E646A38B6E1 /* ProfileDirectory.swift in Sources */,
				FD2FAC405E27D1A1025D55EB /* ProfileEditorState.swift in Sources */,
				7ECB2D00C23AFFA437D31450 /* ProfileFieldBindings.swift in Sources */,
				FF9C3268B7A7B1A879C319EE /* ProfileFormSections.swift in Sources */,
				AE1E5F4DF2CC154A4C2BD329 /* ProfileProber.swift in Sources */,
				1EC093D34C32379196FAD953 /* ProfilesView.swift in Sources */,
				83727994132ADEA7D5549C6C /* ReasoningPanel.swift in Sources */,
				1C8FCA7408B8AACE039E5CA0 /* RecentServers.swift in Sources */,
				F2A079666F57E632357E163E /* RootWindowScene.swift in Sources */,
				1F7A44A16CC9E297C305AFAA /* ServerCommands.swift in Sources */,
				576B03A8F265EF436103C29B /* ServerWindowHarness+macOS.swift in Sources */,
				73B600A6620523E277E9A28D /* ServerWindowHarness.swift in Sources */,
				CA120C35B4A781A89CCB95F4 /* SessionHistoryMapper.swift in Sources */,
				59024D8F2891F97E433CBB6A /* SessionIdFormatter.swift in Sources */,
				AB02605BD95213C83617A813 /* SessionsBrowser.swift in Sources */,
				6E6768E1BCF585EB170C6492 /* SessionsCwdStore.swift in Sources */,
				7ED741CA98028019107E791C /* SessionsSidebar.swift in Sources */,
				91B54214562649BDF9432644 /* SessionsStore.swift in Sources */,
				FF499D0E6BB2A566C0D2285C /* SettingsScene.swift in Sources */,
				05373FFD890DF132B906065E /* SkillsView.swift in Sources */,
				4AE1CCD2FAA490BDF400EAC4 /* SlashMenu.swift in Sources */,
				732DD11D3E33BF34986A9D30 /* SoulEditingState.swift in Sources */,
				78DA99FC12D647B78E6BCD91 /* SoulEditorContainer.swift in Sources */,
				57771E6BC6CB365C66D21370 /* StatusBar.swift in Sources */,
				7A3A7E6C18593FD320A54836 /* StructuredConfigEditor.swift in Sources */,
				E5F93B26DDB04EC7A8669255 /* TalariaApp.swift in Sources */,
				705C24E629FF24D1B2D27069 /* ToolCard.swift in Sources */,
				C214FD4CCCF298E8F06FBB11 /* ToolsView.swift in Sources */,
				923AEE54A92630F73015A4E7 /* TranscriptRow.swift in Sources */,
				B26F121BF99FC608925F341F /* UpdateController.swift in Sources */,
				5B16B9E3E352309807458920 /* UpdatesView.swift in Sources */,
				FB088B04AB11EDFADBE94C47 /* WindowNotifications.swift in Sources */,
				D9B56A732233FE47ED8478A9 /* YAMLConfigEditor.swift in Sources */,
				C17F8CCB5512C2060C689455 /* YAMLFileDocument.swift in Sources */,
				E87F25E1393C9E04B841BFF0 /* YAMLHighlightTheme.swift in Sources */,
			);
			runOnlyForDeploymentPostprocessing = 0;
		};
		1B398CF6C73CB9F9FDBB6A33 /* Sources */ = {
			isa = PBXSourcesBuildPhase;
			buildActionMask = 2147483647;
			files = (
				B12C7ACB8C23C086A85E0842 /* AppLog.swift in Sources */,
				BFCAF447270A3E3C393BA983 /* BrowseDestination.swift in Sources */,
				C8A306E119586CE2E6731380 /* BrowseDetail.swift in Sources */,
				3B99FDA9B595BD75F1A0140B /* ChatBubble.swift in Sources */,
				4C6846E5305B13218E4647EE /* ChatModels.swift in Sources */,
				D022CEB819BEC577762C2CF6 /* ChatView.swift in Sources */,
				E372097A60B968931068D2B6 /* Composer.swift in Sources */,
				6289CE6EDF8A26D7C03C4A93 /* ConfigEditingState.swift in Sources */,
				22736E33C9001CD1D7C0A7C6 /* ConfigEditorContainer.swift in Sources */,
				6FA3206E810F079E7E4F7F27 /* ConfigEditorHarness.swift in Sources */,
				A12F46C1DB6B995D37F20EF4 /* ConfigFieldControl.swift in Sources */,
				2CAA90E41C94F25680242FF9 /* CronView.swift in Sources */,
				5BF18457E28EAF773C62F3CA /* DesktopProfileEditor.swift in Sources */,
				4DFE894BF203B5E8CAB91B93 /* DesktopServerWindow.swift in Sources */,
				423A627D990E3525A1210F47 /* DiffView.swift in Sources */,
				1D86001F1932D4D1C9682798 /* DoctorView.swift in Sources */,
				B4CCE0645ED3484EDAF2E61F /* EditableComparisonView.swift in Sources */,
				37D0BDF58A24F7064EB88395 /* GatewayView.swift in Sources */,
				8B806D6060D5D192BCD7B6BE /* HighlightingTextEditor.swift in Sources */,
				DEFC27063EB9EC591D93D07F /* HostKeyConfirmationCoordinator.swift in Sources */,
				7A99D0612ADDD652BF6A4E79 /* LogConsole.swift in Sources */,
				D3CD6F4B48D1E62071D8BD95 /* LogConsoleToolbar.swift in Sources */,
				F9F402C4646EF68037B15197 /* LogsView.swift in Sources */,
				0EDF5DDCEB352867F6419404 /* ManageHarness.swift in Sources */,
				E89DCDB0C9AD12397615716C /* Markdown.swift in Sources */,
				5EC0E7BD239BC0CF5E419732 /* MockACPTransport.swift in Sources */,
				B0B101AA0FC4CBA169096F38 /* ModelsView.swift in Sources */,
				F0223600063B00912A0FB4F9 /* PermissionPrompt.swift in Sources */,
				46DB99C0E7AAE0FB6CA7B107 /* PhoneBrowseSheet.swift in Sources */,
				799C1A386BCE91C49D9426F8 /* PhoneProfileEditor.swift in Sources */,
				9792D03B27B3B380039498CD /* PhoneServerWindow.swift in Sources */,
				E1C3E4A6DD75220E15C54369 /* PlatformSeam.swift in Sources */,
				235627F77287A4A40A273B72 /* PluginsView.swift in Sources */,
				4B8E5264D875A01CD6C5AC15 /* ProbeCapabilityView.swift in Sources */,
				728C074511EF21DEF1EE05C3 /* ProfileDirectory.swift in Sources */,
				F033CFB1F155DD7F285C0F1E /* ProfileEditorRoot.swift in Sources */,
				DA5F68FDFF0DFC881C77F8E7 /* ProfileEditorState.swift in Sources */,
				213F5502C5A5B18BBC348417 /* ProfileFieldBindings.swift in Sources */,
				97970C27124D465C7AF3B42F /* ProfileFormSections.swift in Sources */,
				A8A565A53ACD757085295E54 /* ProfileProber.swift in Sources */,
				E47FDDE451E3FE90DAED7A72 /* ProfilesView.swift in Sources */,
				527C4E56058EDAF20A3614F3 /* ReasoningPanel.swift in Sources */,
				5A98F7AA8413101B4A7636B2 /* RecentServers.swift in Sources */,
				95C8354BC39FA35AF013B156 /* RootWindowScene.swift in Sources */,
				8EEF5F74D3C817E8B26B5253 /* ServerWindowHarness+iOS.swift in Sources */,
				C70FA4B92B471C5515E6E835 /* ServerWindowHarness.swift in Sources */,
				14B88802EE07AA2BCB79C59E /* ServerWindowRoot.swift in Sources */,
				C521CCD0419324A042F82AA0 /* SessionHistoryMapper.swift in Sources */,
				8E559351A3B124847523D0F3 /* SessionIdFormatter.swift in Sources */,
				155AE3AF219F61634CD176B9 /* SessionsBrowser.swift in Sources */,
				5EA432274794842C57B5C6BE /* SessionsCwdStore.swift in Sources */,
				5A812F020B8745837A147EFC /* SessionsSidebar.swift in Sources */,
				1239EE5AE0C1D5C2148182B7 /* SessionsStore.swift in Sources */,
				FF7410E0865C3DB2A36D6F76 /* SkillsView.swift in Sources */,
				F90016DFF2E9340E9B1800D5 /* SlashMenu.swift in Sources */,
				CFB7BA97155787ACD6D2AA60 /* SoulEditingState.swift in Sources */,
				AD33372BFF709C6DC20DB54E /* SoulEditorContainer.swift in Sources */,
				96C8A02BDDC866588DDBB59E /* StatusBar.swift in Sources */,
				21F9EC5B5421DBCE95486D7E /* StructuredConfigEditor.swift in Sources */,
				9DF3210433514B652640EB27 /* TalariaApp.swift in Sources */,
				4C5249F406142A692ACA9A54 /* ToolCard.swift in Sources */,
				29F89EE8A6BAB31DFCA66221 /* ToolsView.swift in Sources */,
				7B06317CE99E4E876869D781 /* TranscriptRow.swift in Sources */,
				6C73E05ECCB0C0F89AF5B8E5 /* UpdatesView.swift in Sources */,
				0DAE8E610B4FC72C2D861F04 /* WindowNotifications.swift in Sources */,
				6BEA541D567D068B856E82F1 /* YAMLConfigEditor.swift in Sources */,
				6066CFA11D8F136AF73EDC2F /* YAMLFileDocument.swift in Sources */,
				AD0F6EDE014E3AACD538990B /* YAMLHighlightTheme.swift in Sources */,
			);
			runOnlyForDeploymentPostprocessing = 0;
		};
		87F5CA46CBDF73B655677151 /* Sources */ = {
			isa = PBXSourcesBuildPhase;
			buildActionMask = 2147483647;
			files = (
				7E30E462CE94D33676E7C0FA /* ChatNavigationUITests.swift in Sources */,
			);
			runOnlyForDeploymentPostprocessing = 0;
		};
		9D815F8589BF1F930745A63E /* Sources */ = {
			isa = PBXSourcesBuildPhase;
			buildActionMask = 2147483647;
			files = (
				1092F0D24D8D5A83AE43A1D4 /* ConfigEditorHarnessBackupTests.swift in Sources */,
				FFE3053BE0518A6B35809EAB /* DoctorHarnessTests.swift in Sources */,
				21D9F8EAC88F6670B93E18B1 /* SessionHistoryMapperTests.swift in Sources */,
				5CC00868EAC36906049EE9A3 /* SessionsStoreReadOnlyTests.swift in Sources */,
			);
			runOnlyForDeploymentPostprocessing = 0;
		};
/* End PBXSourcesBuildPhase section */

/* Begin PBXTargetDependency section */
		17D996BA3B42611CA9F123FA /* PBXTargetDependency */ = {
			isa = PBXTargetDependency;
			target = 19E2CCC8D5A00B0C4146275A /* TalariaIOS */;
			targetProxy = 418544240F2651F69AFF288F /* PBXContainerItemProxy */;
		};
		65B5749C415BEA86CA20C642 /* PBXTargetDependency */ = {
			isa = PBXTargetDependency;
			target = 1E8262A30297B30A6BC1DDAA /* Talaria */;
			targetProxy = 9749FE2E7A7A359558DC15F6 /* PBXContainerItemProxy */;
		};
/* End PBXTargetDependency section */

/* Begin XCBuildConfiguration section */
		077A3FFF626E8BFCA91BF592 /* Debug */ = {
			isa = XCBuildConfiguration;
			buildSettings = {
				ASSETCATALOG_COMPILER_APPICON_NAME = AppIcon;
				CODE_SIGN_IDENTITY = "iPhone Developer";
				CODE_SIGN_STYLE = Automatic;
				CURRENT_PROJECT_VERSION = 1;
				DEVELOPMENT_TEAM = 9URLHJ84PY;
				GENERATE_INFOPLIST_FILE = NO;
				INFOPLIST_FILE = "Talaria/Info-iOS.plist";
				IPHONEOS_DEPLOYMENT_TARGET = 17.0;
				LD_RUNPATH_SEARCH_PATHS = (
					"$(inherited)",
					"@executable_path/Frameworks",
				);
				MARKETING_VERSION = 1.0;
				PRODUCT_BUNDLE_IDENTIFIER = com.talaria.Talaria;
				SDKROOT = iphoneos;
				SUPPORTS_MACCATALYST = NO;
				SWIFT_VERSION = 6.0;
				TARGETED_DEVICE_FAMILY = "1,2";
			};
			name = Debug;
		};
		1247B72CC5CE04F3391D3AC7 /* Release */ = {
			isa = XCBuildConfiguration;
			buildSettings = {
				BUNDLE_LOADER = "$(TEST_HOST)";
				CODE_SIGN_STYLE = Automatic;
				DEVELOPMENT_TEAM = 9URLHJ84PY;
				GENERATE_INFOPLIST_FILE = YES;
				IPHONEOS_DEPLOYMENT_TARGET = 17.0;
				LD_RUNPATH_SEARCH_PATHS = (
					"$(inherited)",
					"@executable_path/Frameworks",
					"@loader_path/Frameworks",
				);
				PRODUCT_BUNDLE_IDENTIFIER = com.talaria.Talaria.uitests;
				SDKROOT = iphoneos;
				SWIFT_VERSION = 6.0;
				TARGETED_DEVICE_FAMILY = "1,2";
				TEST_TARGET_NAME = TalariaIOS;
			};
			name = Release;
		};
		5515B7BAEE7F9580FBEE0DEA /* Release */ = {
			isa = XCBuildConfiguration;
			buildSettings = {
				BUNDLE_LOADER = "$(TEST_HOST)";
				COMBINE_HIDPI_IMAGES = YES;
				GENERATE_INFOPLIST_FILE = YES;
				LD_RUNPATH_SEARCH_PATHS = (
					"$(inherited)",
					"@executable_path/../Frameworks",
					"@loader_path/../Frameworks",
				);
				MACOSX_DEPLOYMENT_TARGET = 14.0;
				PRODUCT_BUNDLE_IDENTIFIER = com.talaria.Talaria.tests;
				SDKROOT = macosx;
				SWIFT_VERSION = 6.0;
				TEST_HOST = "$(BUILT_PRODUCTS_DIR)/Talaria.app/Contents/MacOS/Talaria";
			};
			name = Release;
		};
		62DAB47880993E2B5BA8E4E4 /* Debug */ = {
			isa = XCBuildConfiguration;
			buildSettings = {
				BUNDLE_LOADER = "$(TEST_HOST)";
				CODE_SIGN_STYLE = Automatic;
				DEVELOPMENT_TEAM = 9URLHJ84PY;
				GENERATE_INFOPLIST_FILE = YES;
				IPHONEOS_DEPLOYMENT_TARGET = 17.0;
				LD_RUNPATH_SEARCH_PATHS = (
					"$(inherited)",
					"@executable_path/Frameworks",
					"@loader_path/Frameworks",
				);
				PRODUCT_BUNDLE_IDENTIFIER = com.talaria.Talaria.uitests;
				SDKROOT = iphoneos;
				SWIFT_VERSION = 6.0;
				TARGETED_DEVICE_FAMILY = "1,2";
				TEST_TARGET_NAME = TalariaIOS;
			};
			name = Debug;
		};
		688C3BAAA4F55201BBAE15C6 /* Release */ = {
			isa = XCBuildConfiguration;
			buildSettings = {
				ALWAYS_SEARCH_USER_PATHS = NO;
				CLANG_ANALYZER_NONNULL = YES;
				CLANG_ANALYZER_NUMBER_OBJECT_CONVERSION = YES_AGGRESSIVE;
				CLANG_CXX_LANGUAGE_STANDARD = "gnu++14";
				CLANG_CXX_LIBRARY = "libc++";
				CLANG_ENABLE_MODULES = YES;
				CLANG_ENABLE_OBJC_ARC = YES;
				CLANG_ENABLE_OBJC_WEAK = YES;
				CLANG_WARN_BLOCK_CAPTURE_AUTORELEASING = YES;
				CLANG_WARN_BOOL_CONVERSION = YES;
				CLANG_WARN_COMMA = YES;
				CLANG_WARN_CONSTANT_CONVERSION = YES;
				CLANG_WARN_DEPRECATED_OBJC_IMPLEMENTATIONS = YES;
				CLANG_WARN_DIRECT_OBJC_ISA_USAGE = YES_ERROR;
				CLANG_WARN_DOCUMENTATION_COMMENTS = YES;
				CLANG_WARN_EMPTY_BODY = YES;
				CLANG_WARN_ENUM_CONVERSION = YES;
				CLANG_WARN_INFINITE_RECURSION = YES;
				CLANG_WARN_INT_CONVERSION = YES;
				CLANG_WARN_NON_LITERAL_NULL_CONVERSION = YES;
				CLANG_WARN_OBJC_IMPLICIT_RETAIN_SELF = YES;
				CLANG_WARN_OBJC_LITERAL_CONVERSION = YES;
				CLANG_WARN_OBJC_ROOT_CLASS = YES_ERROR;
				CLANG_WARN_QUOTED_INCLUDE_IN_FRAMEWORK_HEADER = YES;
				CLANG_WARN_RANGE_LOOP_ANALYSIS = YES;
				CLANG_WARN_STRICT_PROTOTYPES = YES;
				CLANG_WARN_SUSPICIOUS_MOVE = YES;
				CLANG_WARN_UNGUARDED_AVAILABILITY = YES_AGGRESSIVE;
				CLANG_WARN_UNREACHABLE_CODE = YES;
				CLANG_WARN__DUPLICATE_METHOD_MATCH = YES;
				COPY_PHASE_STRIP = NO;
				DEBUG_INFORMATION_FORMAT = "dwarf-with-dsym";
				ENABLE_NS_ASSERTIONS = NO;
				ENABLE_STRICT_OBJC_MSGSEND = YES;
				GCC_C_LANGUAGE_STANDARD = gnu11;
				GCC_NO_COMMON_BLOCKS = YES;
				GCC_WARN_64_TO_32_BIT_CONVERSION = YES;
				GCC_WARN_ABOUT_RETURN_TYPE = YES_ERROR;
				GCC_WARN_UNDECLARED_SELECTOR = YES;
				GCC_WARN_UNINITIALIZED_AUTOS = YES_AGGRESSIVE;
				GCC_WARN_UNUSED_FUNCTION = YES;
				GCC_WARN_UNUSED_VARIABLE = YES;
				MTL_ENABLE_DEBUG_INFO = NO;
				MTL_FAST_MATH = YES;
				PRODUCT_NAME = "$(TARGET_NAME)";
				SWIFT_COMPILATION_MODE = wholemodule;
				SWIFT_OPTIMIZATION_LEVEL = "-O";
				SWIFT_VERSION = 5.0;
			};
			name = Release;
		};
		85E1082CF225C9F702DD8E4B /* Debug */ = {
			isa = XCBuildConfiguration;
			buildSettings = {
				ASSETCATALOG_COMPILER_APPICON_NAME = AppIcon;
				CODE_SIGN_ENTITLEMENTS = Talaria/Talaria.entitlements;
				CODE_SIGN_IDENTITY = "-";
				CODE_SIGN_STYLE = Automatic;
				COMBINE_HIDPI_IMAGES = YES;
				CURRENT_PROJECT_VERSION = 1;
				DEVELOPMENT_TEAM = "";
				ENABLE_HARDENED_RUNTIME = YES;
				GENERATE_INFOPLIST_FILE = NO;
				INFOPLIST_FILE = Talaria/Info.plist;
				LD_RUNPATH_SEARCH_PATHS = (
					"$(inherited)",
					"@executable_path/../Frameworks",
				);
				MACOSX_DEPLOYMENT_TARGET = 14.0;
				MARKETING_VERSION = 1.0;
				PRODUCT_BUNDLE_IDENTIFIER = com.talaria.Talaria;
				SDKROOT = macosx;
				SWIFT_VERSION = 6.0;
			};
			name = Debug;
		};
		9C829915F4BD8C6F62577A51 /* Debug */ = {
			isa = XCBuildConfiguration;
			buildSettings = {
				BUNDLE_LOADER = "$(TEST_HOST)";
				COMBINE_HIDPI_IMAGES = YES;
				GENERATE_INFOPLIST_FILE = YES;
				LD_RUNPATH_SEARCH_PATHS = (
					"$(inherited)",
					"@executable_path/../Frameworks",
					"@loader_path/../Frameworks",
				);
				MACOSX_DEPLOYMENT_TARGET = 14.0;
				PRODUCT_BUNDLE_IDENTIFIER = com.talaria.Talaria.tests;
				SDKROOT = macosx;
				SWIFT_VERSION = 6.0;
				TEST_HOST = "$(BUILT_PRODUCTS_DIR)/Talaria.app/Contents/MacOS/Talaria";
			};
			name = Debug;
		};
		D6D48108259C6D68EA3997AD /* Release */ = {
			isa = XCBuildConfiguration;
			buildSettings = {
				ASSETCATALOG_COMPILER_APPICON_NAME = AppIcon;
				CODE_SIGN_IDENTITY = "iPhone Developer";
				CODE_SIGN_STYLE = Automatic;
				CURRENT_PROJECT_VERSION = 1;
				DEVELOPMENT_TEAM = 9URLHJ84PY;
				GENERATE_INFOPLIST_FILE = NO;
				INFOPLIST_FILE = "Talaria/Info-iOS.plist";
				IPHONEOS_DEPLOYMENT_TARGET = 17.0;
				LD_RUNPATH_SEARCH_PATHS = (
					"$(inherited)",
					"@executable_path/Frameworks",
				);
				MARKETING_VERSION = 1.0;
				PRODUCT_BUNDLE_IDENTIFIER = com.talaria.Talaria;
				SDKROOT = iphoneos;
				SUPPORTS_MACCATALYST = NO;
				SWIFT_VERSION = 6.0;
				TARGETED_DEVICE_FAMILY = "1,2";
			};
			name = Release;
		};
		E7203F42154C7DA30382C7E8 /* Debug */ = {
			isa = XCBuildConfiguration;
			buildSettings = {
				ALWAYS_SEARCH_USER_PATHS = NO;
				CLANG_ANALYZER_NONNULL = YES;
				CLANG_ANALYZER_NUMBER_OBJECT_CONVERSION = YES_AGGRESSIVE;
				CLANG_CXX_LANGUAGE_STANDARD = "gnu++14";
				CLANG_CXX_LIBRARY = "libc++";
				CLANG_ENABLE_MODULES = YES;
				CLANG_ENABLE_OBJC_ARC = YES;
				CLANG_ENABLE_OBJC_WEAK = YES;
				CLANG_WARN_BLOCK_CAPTURE_AUTORELEASING = YES;
				CLANG_WARN_BOOL_CONVERSION = YES;
				CLANG_WARN_COMMA = YES;
				CLANG_WARN_CONSTANT_CONVERSION = YES;
				CLANG_WARN_DEPRECATED_OBJC_IMPLEMENTATIONS = YES;
				CLANG_WARN_DIRECT_OBJC_ISA_USAGE = YES_ERROR;
				CLANG_WARN_DOCUMENTATION_COMMENTS = YES;
				CLANG_WARN_EMPTY_BODY = YES;
				CLANG_WARN_ENUM_CONVERSION = YES;
				CLANG_WARN_INFINITE_RECURSION = YES;
				CLANG_WARN_INT_CONVERSION = YES;
				CLANG_WARN_NON_LITERAL_NULL_CONVERSION = YES;
				CLANG_WARN_OBJC_IMPLICIT_RETAIN_SELF = YES;
				CLANG_WARN_OBJC_LITERAL_CONVERSION = YES;
				CLANG_WARN_OBJC_ROOT_CLASS = YES_ERROR;
				CLANG_WARN_QUOTED_INCLUDE_IN_FRAMEWORK_HEADER = YES;
				CLANG_WARN_RANGE_LOOP_ANALYSIS = YES;
				CLANG_WARN_STRICT_PROTOTYPES = YES;
				CLANG_WARN_SUSPICIOUS_MOVE = YES;
				CLANG_WARN_UNGUARDED_AVAILABILITY = YES_AGGRESSIVE;
				CLANG_WARN_UNREACHABLE_CODE = YES;
				CLANG_WARN__DUPLICATE_METHOD_MATCH = YES;
				COPY_PHASE_STRIP = NO;
				DEBUG_INFORMATION_FORMAT = dwarf;
				ENABLE_STRICT_OBJC_MSGSEND = YES;
				ENABLE_TESTABILITY = YES;
				GCC_C_LANGUAGE_STANDARD = gnu11;
				GCC_DYNAMIC_NO_PIC = NO;
				GCC_NO_COMMON_BLOCKS = YES;
				GCC_OPTIMIZATION_LEVEL = 0;
				GCC_PREPROCESSOR_DEFINITIONS = (
					"$(inherited)",
					"DEBUG=1",
				);
				GCC_WARN_64_TO_32_BIT_CONVERSION = YES;
				GCC_WARN_ABOUT_RETURN_TYPE = YES_ERROR;
				GCC_WARN_UNDECLARED_SELECTOR = YES;
				GCC_WARN_UNINITIALIZED_AUTOS = YES_AGGRESSIVE;
				GCC_WARN_UNUSED_FUNCTION = YES;
				GCC_WARN_UNUSED_VARIABLE = YES;
				MTL_ENABLE_DEBUG_INFO = INCLUDE_SOURCE;
				MTL_FAST_MATH = YES;
				ONLY_ACTIVE_ARCH = YES;
				PRODUCT_NAME = "$(TARGET_NAME)";
				SWIFT_ACTIVE_COMPILATION_CONDITIONS = DEBUG;
				SWIFT_OPTIMIZATION_LEVEL = "-Onone";
				SWIFT_VERSION = 5.0;
			};
			name = Debug;
		};
		FD3AF4E09A9F261FEC3568AA /* Release */ = {
			isa = XCBuildConfiguration;
			buildSettings = {
				ASSETCATALOG_COMPILER_APPICON_NAME = AppIcon;
				CODE_SIGN_ENTITLEMENTS = Talaria/Talaria.entitlements;
				CODE_SIGN_IDENTITY = "Developer ID Application";
				CODE_SIGN_STYLE = Manual;
				COMBINE_HIDPI_IMAGES = YES;
				CURRENT_PROJECT_VERSION = 1;
				DEVELOPMENT_TEAM = 9URLHJ84PY;
				ENABLE_HARDENED_RUNTIME = YES;
				GENERATE_INFOPLIST_FILE = NO;
				INFOPLIST_FILE = Talaria/Info.plist;
				LD_RUNPATH_SEARCH_PATHS = (
					"$(inherited)",
					"@executable_path/../Frameworks",
				);
				MACOSX_DEPLOYMENT_TARGET = 14.0;
				MARKETING_VERSION = 1.0;
				OTHER_CODE_SIGN_FLAGS = "--timestamp --options=runtime";
				PRODUCT_BUNDLE_IDENTIFIER = com.talaria.Talaria;
				SDKROOT = macosx;
				SWIFT_VERSION = 6.0;
			};
			name = Release;
		};
/* End XCBuildConfiguration section */

/* Begin XCConfigurationList section */
		5999FAB42631478E1E2F6327 /* Build configuration list for PBXNativeTarget "TalariaIOSUITests" */ = {
			isa = XCConfigurationList;
			buildConfigurations = (
				62DAB47880993E2B5BA8E4E4 /* Debug */,
				1247B72CC5CE04F3391D3AC7 /* Release */,
			);
			defaultConfigurationIsVisible = 0;
			defaultConfigurationName = Debug;
		};
		6FA2862A2994464CF29E360F /* Build configuration list for PBXNativeTarget "Talaria" */ = {
			isa = XCConfigurationList;
			buildConfigurations = (
				85E1082CF225C9F702DD8E4B /* Debug */,
				FD3AF4E09A9F261FEC3568AA /* Release */,
			);
			defaultConfigurationIsVisible = 0;
			defaultConfigurationName = Debug;
		};
		AECFAC0B6AF88C2C4D00058E /* Build configuration list for PBXNativeTarget "TalariaTests" */ = {
			isa = XCConfigurationList;
			buildConfigurations = (
				9C829915F4BD8C6F62577A51 /* Debug */,
				5515B7BAEE7F9580FBEE0DEA /* Release */,
			);
			defaultConfigurationIsVisible = 0;
			defaultConfigurationName = Debug;
		};
		E25AC2482722BF31C137DE8D /* Build configuration list for PBXNativeTarget "TalariaIOS" */ = {
			isa = XCConfigurationList;
			buildConfigurations = (
				077A3FFF626E8BFCA91BF592 /* Debug */,
				D6D48108259C6D68EA3997AD /* Release */,
			);
			defaultConfigurationIsVisible = 0;
			defaultConfigurationName = Debug;
		};
		F244F399B102D7DF7E691D7E /* Build configuration list for PBXProject "Talaria" */ = {
			isa = XCConfigurationList;
			buildConfigurations = (
				E7203F42154C7DA30382C7E8 /* Debug */,
				688C3BAAA4F55201BBAE15C6 /* Release */,
			);
			defaultConfigurationIsVisible = 0;
			defaultConfigurationName = Debug;
		};
/* End XCConfigurationList section */

/* Begin XCLocalSwiftPackageReference section */
		9E368D9FF5EB29159F3EF6C2 /* XCLocalSwiftPackageReference "HermesKit" */ = {
			isa = XCLocalSwiftPackageReference;
			relativePath = HermesKit;
		};
/* End XCLocalSwiftPackageReference section */

/* Begin XCRemoteSwiftPackageReference section */
		E0D55BA852A5AB46C3C36ED5 /* XCRemoteSwiftPackageReference "Sparkle" */ = {
			isa = XCRemoteSwiftPackageReference;
			repositoryURL = "https://github.com/sparkle-project/Sparkle";
			requirement = {
				kind = upToNextMajorVersion;
				minimumVersion = 2.6.0;
			};
		};
/* End XCRemoteSwiftPackageReference section */

/* Begin XCSwiftPackageProductDependency section */
		01A9F9047947C5476F232D23 /* Sparkle */ = {
			isa = XCSwiftPackageProductDependency;
			package = E0D55BA852A5AB46C3C36ED5 /* XCRemoteSwiftPackageReference "Sparkle" */;
			productName = Sparkle;
		};
		8115E8BE768E77F5D1E3BE4B /* HermesKit */ = {
			isa = XCSwiftPackageProductDependency;
			productName = HermesKit;
		};
		BBB6C95B2C73AA1B6DB0B78B /* HermesKit */ = {
			isa = XCSwiftPackageProductDependency;
			productName = HermesKit;
		};
/* End XCSwiftPackageProductDependency section */
	};
	rootObject = 228D8C57FD8574006AD1BA11 /* Project object */;
}
