// !$*UTF8*$!
{
	archiveVersion = 1;
	classes = {
	};
	objectVersion = 77;
	objects = {

/* Begin PBXBuildFile section */
		05373FFD890DF132B906065E /* SkillsView.swift in Sources */ = {isa = PBXBuildFile; fileRef = 6E5FD3271C03262E8A67B725 /* SkillsView.swift */; };
		2C450AF777BC8222A5E42E39 /* ServerWindow.swift in Sources */ = {isa = PBXBuildFile; fileRef = D29958F2AEE3B9C542F9987E /* ServerWindow.swift */; };
		4E7061CE24B864B40FE49C0F /* DoctorView.swift in Sources */ = {isa = PBXBuildFile; fileRef = A30DFD8DFB5E048EC77638CD /* DoctorView.swift */; };
		509BA0FE78675098B5B350C5 /* LogsView.swift in Sources */ = {isa = PBXBuildFile; fileRef = A12A6961B7D8E937263627BB /* LogsView.swift */; };
		5B16B9E3E352309807458920 /* UpdatesView.swift in Sources */ = {isa = PBXBuildFile; fileRef = 3BE3C2E6EB6E8620978EE451 /* UpdatesView.swift */; };
		6168D745D22D531C88F18732 /* CronView.swift in Sources */ = {isa = PBXBuildFile; fileRef = 451D8EBE2DA75CD69C94FFD8 /* CronView.swift */; };
		A02B104E12133E6F4524390A /* SettingsScene.swift in Sources */ = {isa = PBXBuildFile; fileRef = A9796E1F868CE6779773DB1A /* SettingsScene.swift */; };
		A9B777810249FD981588E862 /* TalariaApp.swift in Sources */ = {isa = PBXBuildFile; fileRef = 812946B922D766AFF070E868 /* TalariaApp.swift */; };
		AB02605BD95213C83617A813 /* SessionsBrowser.swift in Sources */ = {isa = PBXBuildFile; fileRef = C21784B6CC62C9E498749A73 /* SessionsBrowser.swift */; };
		C214FD4CCCF298E8F06FBB11 /* ToolsView.swift in Sources */ = {isa = PBXBuildFile; fileRef = E3EDBB9C99D2FF50800A31BE /* ToolsView.swift */; };
		C6CD91309172B4FADFB06592 /* HermesKit in Frameworks */ = {isa = PBXBuildFile; productRef = BBB6C95B2C73AA1B6DB0B78B /* HermesKit */; };
		D8FEB4067CD793B27680FBF0 /* ProfileEditor.swift in Sources */ = {isa = PBXBuildFile; fileRef = 8D65AF64BE04BFB6D54B5775 /* ProfileEditor.swift */; };
		FF4B12C0890FE3A218309E50 /* ChatView.swift in Sources */ = {isa = PBXBuildFile; fileRef = 9CA01C5F2F7904E83DB29961 /* ChatView.swift */; };
/* End PBXBuildFile section */

/* Begin PBXFileReference section */
		3BE3C2E6EB6E8620978EE451 /* UpdatesView.swift */ = {isa = PBXFileReference; lastKnownFileType = sourcecode.swift; path = UpdatesView.swift; sourceTree = "<group>"; };
		451D8EBE2DA75CD69C94FFD8 /* CronView.swift */ = {isa = PBXFileReference; lastKnownFileType = sourcecode.swift; path = CronView.swift; sourceTree = "<group>"; };
		6E5FD3271C03262E8A67B725 /* SkillsView.swift */ = {isa = PBXFileReference; lastKnownFileType = sourcecode.swift; path = SkillsView.swift; sourceTree = "<group>"; };
		812946B922D766AFF070E868 /* TalariaApp.swift */ = {isa = PBXFileReference; lastKnownFileType = sourcecode.swift; path = TalariaApp.swift; sourceTree = "<group>"; };
		8D65AF64BE04BFB6D54B5775 /* ProfileEditor.swift */ = {isa = PBXFileReference; lastKnownFileType = sourcecode.swift; path = ProfileEditor.swift; sourceTree = "<group>"; };
		9CA01C5F2F7904E83DB29961 /* ChatView.swift */ = {isa = PBXFileReference; lastKnownFileType = sourcecode.swift; path = ChatView.swift; sourceTree = "<group>"; };
		A12A6961B7D8E937263627BB /* LogsView.swift */ = {isa = PBXFileReference; lastKnownFileType = sourcecode.swift; path = LogsView.swift; sourceTree = "<group>"; };
		A30DFD8DFB5E048EC77638CD /* DoctorView.swift */ = {isa = PBXFileReference; lastKnownFileType = sourcecode.swift; path = DoctorView.swift; sourceTree = "<group>"; };
		A9796E1F868CE6779773DB1A /* SettingsScene.swift */ = {isa = PBXFileReference; lastKnownFileType = sourcecode.swift; path = SettingsScene.swift; sourceTree = "<group>"; };
		C21784B6CC62C9E498749A73 /* SessionsBrowser.swift */ = {isa = PBXFileReference; lastKnownFileType = sourcecode.swift; path = SessionsBrowser.swift; sourceTree = "<group>"; };
		CF4DD77146A6664BBB6ABC3F /* Talaria.app */ = {isa = PBXFileReference; explicitFileType = wrapper.application; includeInIndex = 0; path = Talaria.app; sourceTree = BUILT_PRODUCTS_DIR; };
		D29958F2AEE3B9C542F9987E /* ServerWindow.swift */ = {isa = PBXFileReference; lastKnownFileType = sourcecode.swift; path = ServerWindow.swift; sourceTree = "<group>"; };
		E3EDBB9C99D2FF50800A31BE /* ToolsView.swift */ = {isa = PBXFileReference; lastKnownFileType = sourcecode.swift; path = ToolsView.swift; sourceTree = "<group>"; };
		F60C409BF8E2169D2D41DAEE /* HermesKit */ = {isa = PBXFileReference; lastKnownFileType = folder; name = HermesKit; path = HermesKit; sourceTree = SOURCE_ROOT; };
/* End PBXFileReference section */

/* Begin PBXFrameworksBuildPhase section */
		E5E6E21F33FBFD3645A204F9 /* Frameworks */ = {
			isa = PBXFrameworksBuildPhase;
			buildActionMask = 2147483647;
			files = (
				C6CD91309172B4FADFB06592 /* HermesKit in Frameworks */,
			);
			runOnlyForDeploymentPostprocessing = 0;
		};
/* End PBXFrameworksBuildPhase section */

/* Begin PBXGroup section */
		0011A042DC786A6D357F8B2B /* Chat */ = {
			isa = PBXGroup;
			children = (
				9CA01C5F2F7904E83DB29961 /* ChatView.swift */,
			);
			path = Chat;
			sourceTree = "<group>";
		};
		0F3BDB93DF040FC65F24CE8C /* Sessions */ = {
			isa = PBXGroup;
			children = (
				C21784B6CC62C9E498749A73 /* SessionsBrowser.swift */,
			);
			path = Sessions;
			sourceTree = "<group>";
		};
		562A82B7D5D13781AE7BC1B4 /* Manage */ = {
			isa = PBXGroup;
			children = (
				451D8EBE2DA75CD69C94FFD8 /* CronView.swift */,
				A30DFD8DFB5E048EC77638CD /* DoctorView.swift */,
				A12A6961B7D8E937263627BB /* LogsView.swift */,
				6E5FD3271C03262E8A67B725 /* SkillsView.swift */,
				E3EDBB9C99D2FF50800A31BE /* ToolsView.swift */,
				3BE3C2E6EB6E8620978EE451 /* UpdatesView.swift */,
			);
			path = Manage;
			sourceTree = "<group>";
		};
		9C9844FEBE7AD1EA9F62D088 /* Profiles */ = {
			isa = PBXGroup;
			children = (
				8D65AF64BE04BFB6D54B5775 /* ProfileEditor.swift */,
			);
			path = Profiles;
			sourceTree = "<group>";
		};
		A37EFAE62F3229349E34F508 /* Products */ = {
			isa = PBXGroup;
			children = (
				CF4DD77146A6664BBB6ABC3F /* Talaria.app */,
			);
			name = Products;
			sourceTree = "<group>";
		};
		D627F6C98B1D08E7A60380A9 /* Windows */ = {
			isa = PBXGroup;
			children = (
				D29958F2AEE3B9C542F9987E /* ServerWindow.swift */,
				A9796E1F868CE6779773DB1A /* SettingsScene.swift */,
			);
			path = Windows;
			sourceTree = "<group>";
		};
		D7564DA576AC5D795BFCA34D /* Packages */ = {
			isa = PBXGroup;
			children = (
				F60C409BF8E2169D2D41DAEE /* HermesKit */,
			);
			name = Packages;
			sourceTree = "<group>";
		};
		DE125BC2E9E0D4673B61BFF7 /* Talaria */ = {
			isa = PBXGroup;
			children = (
				812946B922D766AFF070E868 /* TalariaApp.swift */,
				0011A042DC786A6D357F8B2B /* Chat */,
				562A82B7D5D13781AE7BC1B4 /* Manage */,
				9C9844FEBE7AD1EA9F62D088 /* Profiles */,
				0F3BDB93DF040FC65F24CE8C /* Sessions */,
				D627F6C98B1D08E7A60380A9 /* Windows */,
			);
			path = Talaria;
			sourceTree = "<group>";
		};
		FA2F382BD79E074E6408AA1F = {
			isa = PBXGroup;
			children = (
				D7564DA576AC5D795BFCA34D /* Packages */,
				DE125BC2E9E0D4673B61BFF7 /* Talaria */,
				A37EFAE62F3229349E34F508 /* Products */,
			);
			sourceTree = "<group>";
		};
/* End PBXGroup section */

/* Begin PBXNativeTarget section */
		1E8262A30297B30A6BC1DDAA /* Talaria */ = {
			isa = PBXNativeTarget;
			buildConfigurationList = 6FA2862A2994464CF29E360F /* Build configuration list for PBXNativeTarget "Talaria" */;
			buildPhases = (
				0909E99EF4BBD40F434D1AB5 /* Sources */,
				E5E6E21F33FBFD3645A204F9 /* Frameworks */,
			);
			buildRules = (
			);
			dependencies = (
			);
			name = Talaria;
			packageProductDependencies = (
				BBB6C95B2C73AA1B6DB0B78B /* HermesKit */,
			);
			productName = Talaria;
			productReference = CF4DD77146A6664BBB6ABC3F /* Talaria.app */;
			productType = "com.apple.product-type.application";
		};
/* End PBXNativeTarget section */

/* Begin PBXProject section */
		228D8C57FD8574006AD1BA11 /* Project object */ = {
			isa = PBXProject;
			attributes = {
				BuildIndependentTargetsInParallel = YES;
				LastUpgradeCheck = 1430;
				TargetAttributes = {
					1E8262A30297B30A6BC1DDAA = {
						ProvisioningStyle = Automatic;
					};
				};
			};
			buildConfigurationList = F244F399B102D7DF7E691D7E /* Build configuration list for PBXProject "Talaria" */;
			developmentRegion = en;
			hasScannedForEncodings = 0;
			knownRegions = (
				Base,
				en,
			);
			mainGroup = FA2F382BD79E074E6408AA1F;
			minimizedProjectReferenceProxies = 1;
			packageReferences = (
				9E368D9FF5EB29159F3EF6C2 /* XCLocalSwiftPackageReference "HermesKit" */,
			);
			preferredProjectObjectVersion = 77;
			productRefGroup = A37EFAE62F3229349E34F508 /* Products */;
			projectDirPath = "";
			projectRoot = "";
			targets = (
				1E8262A30297B30A6BC1DDAA /* Talaria */,
			);
		};
/* End PBXProject section */

/* Begin PBXSourcesBuildPhase section */
		0909E99EF4BBD40F434D1AB5 /* Sources */ = {
			isa = PBXSourcesBuildPhase;
			buildActionMask = 2147483647;
			files = (
				FF4B12C0890FE3A218309E50 /* ChatView.swift in Sources */,
				6168D745D22D531C88F18732 /* CronView.swift in Sources */,
				4E7061CE24B864B40FE49C0F /* DoctorView.swift in Sources */,
				509BA0FE78675098B5B350C5 /* LogsView.swift in Sources */,
				D8FEB4067CD793B27680FBF0 /* ProfileEditor.swift in Sources */,
				2C450AF777BC8222A5E42E39 /* ServerWindow.swift in Sources */,
				AB02605BD95213C83617A813 /* SessionsBrowser.swift in Sources */,
				A02B104E12133E6F4524390A /* SettingsScene.swift in Sources */,
				05373FFD890DF132B906065E /* SkillsView.swift in Sources */,
				A9B777810249FD981588E862 /* TalariaApp.swift in Sources */,
				C214FD4CCCF298E8F06FBB11 /* ToolsView.swift in Sources */,
				5B16B9E3E352309807458920 /* UpdatesView.swift in Sources */,
			);
			runOnlyForDeploymentPostprocessing = 0;
		};
/* End PBXSourcesBuildPhase section */

/* Begin XCBuildConfiguration section */
		688C3BAAA4F55201BBAE15C6 /* Release */ = {
			isa = XCBuildConfiguration;
			buildSettings = {
				ALWAYS_SEARCH_USER_PATHS = NO;
				CLANG_ANALYZER_NONNULL = YES;
				CLANG_ANALYZER_NUMBER_OBJECT_CONVERSION = YES_AGGRESSIVE;
				CLANG_CXX_LANGUAGE_STANDARD = "gnu++14";
				CLANG_CXX_LIBRARY = "libc++";
				CLANG_ENABLE_MODULES = YES;
				CLANG_ENABLE_OBJC_ARC = YES;
				CLANG_ENABLE_OBJC_WEAK = YES;
				CLANG_WARN_BLOCK_CAPTURE_AUTORELEASING = YES;
				CLANG_WARN_BOOL_CONVERSION = YES;
				CLANG_WARN_COMMA = YES;
				CLANG_WARN_CONSTANT_CONVERSION = YES;
				CLANG_WARN_DEPRECATED_OBJC_IMPLEMENTATIONS = YES;
				CLANG_WARN_DIRECT_OBJC_ISA_USAGE = YES_ERROR;
				CLANG_WARN_DOCUMENTATION_COMMENTS = YES;
				CLANG_WARN_EMPTY_BODY = YES;
				CLANG_WARN_ENUM_CONVERSION = YES;
				CLANG_WARN_INFINITE_RECURSION = YES;
				CLANG_WARN_INT_CONVERSION = YES;
				CLANG_WARN_NON_LITERAL_NULL_CONVERSION = YES;
				CLANG_WARN_OBJC_IMPLICIT_RETAIN_SELF = YES;
				CLANG_WARN_OBJC_LITERAL_CONVERSION = YES;
				CLANG_WARN_OBJC_ROOT_CLASS = YES_ERROR;
				CLANG_WARN_QUOTED_INCLUDE_IN_FRAMEWORK_HEADER = YES;
				CLANG_WARN_RANGE_LOOP_ANALYSIS = YES;
				CLANG_WARN_STRICT_PROTOTYPES = YES;
				CLANG_WARN_SUSPICIOUS_MOVE = YES;
				CLANG_WARN_UNGUARDED_AVAILABILITY = YES_AGGRESSIVE;
				CLANG_WARN_UNREACHABLE_CODE = YES;
				CLANG_WARN__DUPLICATE_METHOD_MATCH = YES;
				COPY_PHASE_STRIP = NO;
				DEBUG_INFORMATION_FORMAT = "dwarf-with-dsym";
				ENABLE_NS_ASSERTIONS = NO;
				ENABLE_STRICT_OBJC_MSGSEND = YES;
				GCC_C_LANGUAGE_STANDARD = gnu11;
				GCC_NO_COMMON_BLOCKS = YES;
				GCC_WARN_64_TO_32_BIT_CONVERSION = YES;
				GCC_WARN_ABOUT_RETURN_TYPE = YES_ERROR;
				GCC_WARN_UNDECLARED_SELECTOR = YES;
				GCC_WARN_UNINITIALIZED_AUTOS = YES_AGGRESSIVE;
				GCC_WARN_UNUSED_FUNCTION = YES;
				GCC_WARN_UNUSED_VARIABLE = YES;
				MTL_ENABLE_DEBUG_INFO = NO;
				MTL_FAST_MATH = YES;
				PRODUCT_NAME = "$(TARGET_NAME)";
				SDKROOT = macosx;
				SWIFT_COMPILATION_MODE = wholemodule;
				SWIFT_OPTIMIZATION_LEVEL = "-O";
				SWIFT_VERSION = 5.0;
			};
			name = Release;
		};
		85E1082CF225C9F702DD8E4B /* Debug */ = {
			isa = XCBuildConfiguration;
			buildSettings = {
				ASSETCATALOG_COMPILER_APPICON_NAME = AppIcon;
				CODE_SIGN_STYLE = Automatic;
				COMBINE_HIDPI_IMAGES = YES;
				CURRENT_PROJECT_VERSION = 1;
				ENABLE_HARDENED_RUNTIME = YES;
				GENERATE_INFOPLIST_FILE = YES;
				LD_RUNPATH_SEARCH_PATHS = (
					"$(inherited)",
					"@executable_path/../Frameworks",
				);
				MACOSX_DEPLOYMENT_TARGET = 14.0;
				MARKETING_VERSION = 1.0;
				PRODUCT_BUNDLE_IDENTIFIER = com.talaria.Talaria;
				SDKROOT = macosx;
				SWIFT_VERSION = 6.0;
			};
			name = Debug;
		};
		E7203F42154C7DA30382C7E8 /* Debug */ = {
			isa = XCBuildConfiguration;
			buildSettings = {
				ALWAYS_SEARCH_USER_PATHS = NO;
				CLANG_ANALYZER_NONNULL = YES;
				CLANG_ANALYZER_NUMBER_OBJECT_CONVERSION = YES_AGGRESSIVE;
				CLANG_CXX_LANGUAGE_STANDARD = "gnu++14";
				CLANG_CXX_LIBRARY = "libc++";
				CLANG_ENABLE_MODULES = YES;
				CLANG_ENABLE_OBJC_ARC = YES;
				CLANG_ENABLE_OBJC_WEAK = YES;
				CLANG_WARN_BLOCK_CAPTURE_AUTORELEASING = YES;
				CLANG_WARN_BOOL_CONVERSION = YES;
				CLANG_WARN_COMMA = YES;
				CLANG_WARN_CONSTANT_CONVERSION = YES;
				CLANG_WARN_DEPRECATED_OBJC_IMPLEMENTATIONS = YES;
				CLANG_WARN_DIRECT_OBJC_ISA_USAGE = YES_ERROR;
				CLANG_WARN_DOCUMENTATION_COMMENTS = YES;
				CLANG_WARN_EMPTY_BODY = YES;
				CLANG_WARN_ENUM_CONVERSION = YES;
				CLANG_WARN_INFINITE_RECURSION = YES;
				CLANG_WARN_INT_CONVERSION = YES;
				CLANG_WARN_NON_LITERAL_NULL_CONVERSION = YES;
				CLANG_WARN_OBJC_IMPLICIT_RETAIN_SELF = YES;
				CLANG_WARN_OBJC_LITERAL_CONVERSION = YES;
				CLANG_WARN_OBJC_ROOT_CLASS = YES_ERROR;
				CLANG_WARN_QUOTED_INCLUDE_IN_FRAMEWORK_HEADER = YES;
				CLANG_WARN_RANGE_LOOP_ANALYSIS = YES;
				CLANG_WARN_STRICT_PROTOTYPES = YES;
				CLANG_WARN_SUSPICIOUS_MOVE = YES;
				CLANG_WARN_UNGUARDED_AVAILABILITY = YES_AGGRESSIVE;
				CLANG_WARN_UNREACHABLE_CODE = YES;
				CLANG_WARN__DUPLICATE_METHOD_MATCH = YES;
				COPY_PHASE_STRIP = NO;
				DEBUG_INFORMATION_FORMAT = dwarf;
				ENABLE_STRICT_OBJC_MSGSEND = YES;
				ENABLE_TESTABILITY = YES;
				GCC_C_LANGUAGE_STANDARD = gnu11;
				GCC_DYNAMIC_NO_PIC = NO;
				GCC_NO_COMMON_BLOCKS = YES;
				GCC_OPTIMIZATION_LEVEL = 0;
				GCC_PREPROCESSOR_DEFINITIONS = (
					"$(inherited)",
					"DEBUG=1",
				);
				GCC_WARN_64_TO_32_BIT_CONVERSION = YES;
				GCC_WARN_ABOUT_RETURN_TYPE = YES_ERROR;
				GCC_WARN_UNDECLARED_SELECTOR = YES;
				GCC_WARN_UNINITIALIZED_AUTOS = YES_AGGRESSIVE;
				GCC_WARN_UNUSED_FUNCTION = YES;
				GCC_WARN_UNUSED_VARIABLE = YES;
				MTL_ENABLE_DEBUG_INFO = INCLUDE_SOURCE;
				MTL_FAST_MATH = YES;
				ONLY_ACTIVE_ARCH = YES;
				PRODUCT_NAME = "$(TARGET_NAME)";
				SDKROOT = macosx;
				SWIFT_ACTIVE_COMPILATION_CONDITIONS = DEBUG;
				SWIFT_OPTIMIZATION_LEVEL = "-Onone";
				SWIFT_VERSION = 5.0;
			};
			name = Debug;
		};
		FD3AF4E09A9F261FEC3568AA /* Release */ = {
			isa = XCBuildConfiguration;
			buildSettings = {
				ASSETCATALOG_COMPILER_APPICON_NAME = AppIcon;
				CODE_SIGN_STYLE = Automatic;
				COMBINE_HIDPI_IMAGES = YES;
				CURRENT_PROJECT_VERSION = 1;
				ENABLE_HARDENED_RUNTIME = YES;
				GENERATE_INFOPLIST_FILE = YES;
				LD_RUNPATH_SEARCH_PATHS = (
					"$(inherited)",
					"@executable_path/../Frameworks",
				);
				MACOSX_DEPLOYMENT_TARGET = 14.0;
				MARKETING_VERSION = 1.0;
				PRODUCT_BUNDLE_IDENTIFIER = com.talaria.Talaria;
				SDKROOT = macosx;
				SWIFT_VERSION = 6.0;
			};
			name = Release;
		};
/* End XCBuildConfiguration section */

/* Begin XCConfigurationList section */
		6FA2862A2994464CF29E360F /* Build configuration list for PBXNativeTarget "Talaria" */ = {
			isa = XCConfigurationList;
			buildConfigurations = (
				85E1082CF225C9F702DD8E4B /* Debug */,
				FD3AF4E09A9F261FEC3568AA /* Release */,
			);
			defaultConfigurationIsVisible = 0;
			defaultConfigurationName = Debug;
		};
		F244F399B102D7DF7E691D7E /* Build configuration list for PBXProject "Talaria" */ = {
			isa = XCConfigurationList;
			buildConfigurations = (
				E7203F42154C7DA30382C7E8 /* Debug */,
				688C3BAAA4F55201BBAE15C6 /* Release */,
			);
			defaultConfigurationIsVisible = 0;
			defaultConfigurationName = Debug;
		};
/* End XCConfigurationList section */

/* Begin XCLocalSwiftPackageReference section */
		9E368D9FF5EB29159F3EF6C2 /* XCLocalSwiftPackageReference "HermesKit" */ = {
			isa = XCLocalSwiftPackageReference;
			relativePath = HermesKit;
		};
/* End XCLocalSwiftPackageReference section */

/* Begin XCSwiftPackageProductDependency section */
		BBB6C95B2C73AA1B6DB0B78B /* HermesKit */ = {
			isa = XCSwiftPackageProductDependency;
			productName = HermesKit;
		};
/* End XCSwiftPackageProductDependency section */
	};
	rootObject = 228D8C57FD8574006AD1BA11 /* Project object */;
}
